// !$*UTF8*$!
{
	archiveVersion = 1;
	classes = {
	};
	objectVersion = 46;
	objects = {

/* Begin PBXBuildFile section */
		08F8128CA9ECC2978D2DABFA /* Pods_BestPracticesTests.framework in Frameworks */ = {isa = PBXBuildFile; fileRef = 9EAC0E99A6C92352273C8513 /* Pods_BestPracticesTests.framework */; };
		AE1ABA7E1D93059700357DA5 /* MockSongCache.swift in Sources */ = {isa = PBXBuildFile; fileRef = AE1ABA7D1D93059700357DA5 /* MockSongCache.swift */; };
		AE1ABA821D9305EF00357DA5 /* SongCache.swift in Sources */ = {isa = PBXBuildFile; fileRef = AE1ABA811D9305EF00357DA5 /* SongCache.swift */; };
		AE1ABA841D9308AA00357DA5 /* SongCacheSpec.swift in Sources */ = {isa = PBXBuildFile; fileRef = AE1ABA831D9308AA00357DA5 /* SongCacheSpec.swift */; };
		AE1ABA861D9330D200357DA5 /* MockSongPersistence.swift in Sources */ = {isa = PBXBuildFile; fileRef = AE1ABA851D9330D200357DA5 /* MockSongPersistence.swift */; };
		AE1ABA881D9330EA00357DA5 /* SongPersistence.swift in Sources */ = {isa = PBXBuildFile; fileRef = AE1ABA871D9330EA00357DA5 /* SongPersistence.swift */; };
		AE1ABA8A1D93394E00357DA5 /* SongPersistenceSpec.swift in Sources */ = {isa = PBXBuildFile; fileRef = AE1ABA891D93394E00357DA5 /* SongPersistenceSpec.swift */; };
		AE1ABA8C1D94429800357DA5 /* Song.swift in Sources */ = {isa = PBXBuildFile; fileRef = AE1ABA8B1D94429800357DA5 /* Song.swift */; };
		AE1ABA901D947ACF00357DA5 /* MockDiskMaster.swift in Sources */ = {isa = PBXBuildFile; fileRef = AE1ABA8F1D947ACF00357DA5 /* MockDiskMaster.swift */; };
		AE1ABA921D947B0D00357DA5 /* DiskMaster.swift in Sources */ = {isa = PBXBuildFile; fileRef = AE1ABA911D947B0D00357DA5 /* DiskMaster.swift */; };
		AE1ABA971D947E2200357DA5 /* DiskMasterSpec.swift in Sources */ = {isa = PBXBuildFile; fileRef = AE1ABA961D947E2200357DA5 /* DiskMasterSpec.swift */; };
		AE1ABA991D9596C600357DA5 /* SongLoader.swift in Sources */ = {isa = PBXBuildFile; fileRef = AE1ABA981D9596C600357DA5 /* SongLoader.swift */; };
		AE1ABA9B1D95976900357DA5 /* SongLoaderSpec.swift in Sources */ = {isa = PBXBuildFile; fileRef = AE1ABA9A1D95976900357DA5 /* SongLoaderSpec.swift */; };
		AE1ABA9D1D95A0A000357DA5 /* MockSongLoader.swift in Sources */ = {isa = PBXBuildFile; fileRef = AE1ABA9C1D95A0A000357DA5 /* MockSongLoader.swift */; };
		AE1ABA9F1D99A2CE00357DA5 /* ActivityIndicator.swift in Sources */ = {isa = PBXBuildFile; fileRef = AE1ABA9E1D99A2CE00357DA5 /* ActivityIndicator.swift */; };
		AE1ABAA11D99A31500357DA5 /* MockActivityIndicator.swift in Sources */ = {isa = PBXBuildFile; fileRef = AE1ABAA01D99A31500357DA5 /* MockActivityIndicator.swift */; };
		AE1ABAA31D99A77A00357DA5 /* ActivityIndicatorSpec.swift in Sources */ = {isa = PBXBuildFile; fileRef = AE1ABAA21D99A77A00357DA5 /* ActivityIndicatorSpec.swift */; };
		AE1ABAA51D99CB6600357DA5 /* AppDelegateSpec.swift in Sources */ = {isa = PBXBuildFile; fileRef = AE1ABAA41D99CB6600357DA5 /* AppDelegateSpec.swift */; };
		AE1ABAA91D99CF9C00357DA5 /* main.swift in Sources */ = {isa = PBXBuildFile; fileRef = AE1ABAA81D99CF9C00357DA5 /* main.swift */; };
		AE1ABAAD1D99E07B00357DA5 /* MockApplication.swift in Sources */ = {isa = PBXBuildFile; fileRef = AE1ABAAC1D99E07B00357DA5 /* MockApplication.swift */; };
		AE1ABAB21D99E26400357DA5 /* ApplicationProvider.swift in Sources */ = {isa = PBXBuildFile; fileRef = AE1ABAB11D99E26400357DA5 /* ApplicationProvider.swift */; };
		AE1ABAB51D99E28F00357DA5 /* ApplicationProviderSpec.swift in Sources */ = {isa = PBXBuildFile; fileRef = AE1ABAB41D99E28F00357DA5 /* ApplicationProviderSpec.swift */; };
		AE1ABAB71D99E33F00357DA5 /* MockApplicationProvider.swift in Sources */ = {isa = PBXBuildFile; fileRef = AE1ABAB61D99E33F00357DA5 /* MockApplicationProvider.swift */; };
		AE304A7E1D885A03001F1D0C /* SongSpec.swift in Sources */ = {isa = PBXBuildFile; fileRef = AE304A7D1D885A03001F1D0C /* SongSpec.swift */; };
		AE304A801D885CAD001F1D0C /* SongTableViewCellSpec.swift in Sources */ = {isa = PBXBuildFile; fileRef = AE304A7F1D885CAD001F1D0C /* SongTableViewCellSpec.swift */; };
		AE304A821D888212001F1D0C /* SongSelectionDelegate.swift in Sources */ = {isa = PBXBuildFile; fileRef = AE304A811D888212001F1D0C /* SongSelectionDelegate.swift */; };
		AE319F411D9C613D00A65FB9 /* EngineBuilder.swift in Sources */ = {isa = PBXBuildFile; fileRef = AE319F401D9C613D00A65FB9 /* EngineBuilder.swift */; };
		AE319F431D9C628000A65FB9 /* EngineBuilderMock.swift in Sources */ = {isa = PBXBuildFile; fileRef = AE319F421D9C628000A65FB9 /* EngineBuilderMock.swift */; };
		AE319F451D9C65CB00A65FB9 /* EngineBuilderSpec.swift in Sources */ = {isa = PBXBuildFile; fileRef = AE319F441D9C65CB00A65FB9 /* EngineBuilderSpec.swift */; };
		AE319F471D9D767900A65FB9 /* Audio.swift in Sources */ = {isa = PBXBuildFile; fileRef = AE319F461D9D767900A65FB9 /* Audio.swift */; };
		AE319F491D9D7CB700A65FB9 /* MockAVAudioPlayerNode.swift in Sources */ = {isa = PBXBuildFile; fileRef = AE319F481D9D7CB700A65FB9 /* MockAVAudioPlayerNode.swift */; };
		AE319F4B1D9D7D6500A65FB9 /* MockAVAudioEngine.swift in Sources */ = {isa = PBXBuildFile; fileRef = AE319F4A1D9D7D6500A65FB9 /* MockAVAudioEngine.swift */; };
		AE319F4D1D9D7E9C00A65FB9 /* MockAVAudioUnitDelay.swift in Sources */ = {isa = PBXBuildFile; fileRef = AE319F4C1D9D7E9C00A65FB9 /* MockAVAudioUnitDelay.swift */; };
		AE319F4F1D9D9AED00A65FB9 /* ShiftTranslator.swift in Sources */ = {isa = PBXBuildFile; fileRef = AE319F4E1D9D9AED00A65FB9 /* ShiftTranslator.swift */; };
		AE319F511D9D9B3A00A65FB9 /* MockShiftTranslator.swift in Sources */ = {isa = PBXBuildFile; fileRef = AE319F501D9D9B3A00A65FB9 /* MockShiftTranslator.swift */; };
		AE319F531D9DA17000A65FB9 /* ShiftTranslatorSpec.swift in Sources */ = {isa = PBXBuildFile; fileRef = AE319F521D9DA17000A65FB9 /* ShiftTranslatorSpec.swift */; };
		AE319F551D9DB9D900A65FB9 /* AudioBox.swift in Sources */ = {isa = PBXBuildFile; fileRef = AE319F541D9DB9D900A65FB9 /* AudioBox.swift */; };
		AE319F571D9DBAE600A65FB9 /* AudioBoxSpec.swift in Sources */ = {isa = PBXBuildFile; fileRef = AE319F561D9DBAE600A65FB9 /* AudioBoxSpec.swift */; };
		AE319F591D9DBE5B00A65FB9 /* MockAudioBox.swift in Sources */ = {isa = PBXBuildFile; fileRef = AE319F581D9DBE5B00A65FB9 /* MockAudioBox.swift */; };
		AEAACF061D8A0B6B007177CF /* MockSongService.swift in Sources */ = {isa = PBXBuildFile; fileRef = AEAACF051D8A0B6B007177CF /* MockSongService.swift */; };
		AEAACF081D8A0B89007177CF /* MockDispatcher.swift in Sources */ = {isa = PBXBuildFile; fileRef = AEAACF071D8A0B89007177CF /* MockDispatcher.swift */; };
		AEAACF0A1D8A0BA3007177CF /* MockSongSelectionDelegate.swift in Sources */ = {isa = PBXBuildFile; fileRef = AEAACF091D8A0BA3007177CF /* MockSongSelectionDelegate.swift */; };
		AEAACF0C1D8A10AE007177CF /* MockListViewController.swift in Sources */ = {isa = PBXBuildFile; fileRef = AEAACF0B1D8A10AE007177CF /* MockListViewController.swift */; };
		AEAACF111D8B023F007177CF /* DispatcherSpec.swift in Sources */ = {isa = PBXBuildFile; fileRef = AEAACF101D8B023F007177CF /* DispatcherSpec.swift */; };
		AEAACF131D8B033C007177CF /* MockOperationQueue.swift in Sources */ = {isa = PBXBuildFile; fileRef = AEAACF121D8B033C007177CF /* MockOperationQueue.swift */; };
		AEAACF161D8B0697007177CF /* SongServiceSpec.swift in Sources */ = {isa = PBXBuildFile; fileRef = AEAACF151D8B0697007177CF /* SongServiceSpec.swift */; };
		AEAACF1E1D8B1161007177CF /* MockRequestProvider.swift in Sources */ = {isa = PBXBuildFile; fileRef = AEAACF1D1D8B1161007177CF /* MockRequestProvider.swift */; };
		AEAACF221D8B11E2007177CF /* HTTPRequest.swift in Sources */ = {isa = PBXBuildFile; fileRef = AEAACF211D8B11E2007177CF /* HTTPRequest.swift */; };
		AEAACF241D8B1277007177CF /* RequestProvider.swift in Sources */ = {isa = PBXBuildFile; fileRef = AEAACF231D8B1277007177CF /* RequestProvider.swift */; };
		AEAACF261D8B1442007177CF /* HTTPRequestSpec.swift in Sources */ = {isa = PBXBuildFile; fileRef = AEAACF251D8B1442007177CF /* HTTPRequestSpec.swift */; };
		AEAACF2C1D8B1B08007177CF /* MockHTTPClient.swift in Sources */ = {isa = PBXBuildFile; fileRef = AEAACF2B1D8B1B08007177CF /* MockHTTPClient.swift */; };
		AEAACF2E1D8B1CC8007177CF /* HTTPClient.swift in Sources */ = {isa = PBXBuildFile; fileRef = AEAACF2D1D8B1CC8007177CF /* HTTPClient.swift */; };
		AEAACF301D8B2586007177CF /* RequestProviderSpec.swift in Sources */ = {isa = PBXBuildFile; fileRef = AEAACF2F1D8B2586007177CF /* RequestProviderSpec.swift */; };
		AEAACF331D8B56B7007177CF /* getSongsListResponse.json in Resources */ = {isa = PBXBuildFile; fileRef = AEAACF321D8B56B7007177CF /* getSongsListResponse.json */; };
		AEAACF351D8B6373007177CF /* HTTPClientSpec.swift in Sources */ = {isa = PBXBuildFile; fileRef = AEAACF341D8B6373007177CF /* HTTPClientSpec.swift */; };
		AEAACF371D8C4C01007177CF /* MockRequestTranslator.swift in Sources */ = {isa = PBXBuildFile; fileRef = AEAACF361D8C4C01007177CF /* MockRequestTranslator.swift */; };
		AEAACF391D8C4C9C007177CF /* RequestTranslator.swift in Sources */ = {isa = PBXBuildFile; fileRef = AEAACF381D8C4C9C007177CF /* RequestTranslator.swift */; };
		AEAACF421D8C7A9B007177CF /* RequestTranslatorSpec.swift in Sources */ = {isa = PBXBuildFile; fileRef = AEAACF411D8C7A9B007177CF /* RequestTranslatorSpec.swift */; };
		AEAACF441D908FA1007177CF /* hall_and_oates_cover.jpeg in Resources */ = {isa = PBXBuildFile; fileRef = AEAACF431D908FA1007177CF /* hall_and_oates_cover.jpeg */; };
		AEAACF4C1D90B595007177CF /* MockPlayer.swift in Sources */ = {isa = PBXBuildFile; fileRef = AEAACF4B1D90B595007177CF /* MockPlayer.swift */; };
		AEAACF4F1D90B662007177CF /* Player.swift in Sources */ = {isa = PBXBuildFile; fileRef = AEAACF4E1D90B662007177CF /* Player.swift */; };
		AEC6AE141D90B83B00933DCC /* PlayerSpec.swift in Sources */ = {isa = PBXBuildFile; fileRef = AEC6AE131D90B83B00933DCC /* PlayerSpec.swift */; };
		AEC6AE161D91997400933DCC /* maneater.mp3 in Resources */ = {isa = PBXBuildFile; fileRef = AEC6AE151D91997400933DCC /* maneater.mp3 */; };
		AEC6AE1B1D92EBC900933DCC /* MockSongListDeserializer.swift in Sources */ = {isa = PBXBuildFile; fileRef = AEC6AE1A1D92EBC900933DCC /* MockSongListDeserializer.swift */; };
		AEC6AE1E1D92EC1300933DCC /* SongListDeserializer.swift in Sources */ = {isa = PBXBuildFile; fileRef = AEC6AE1D1D92EC1300933DCC /* SongListDeserializer.swift */; };
		AEC6AE211D92EE8500933DCC /* SongListDeserializerSpec.swift in Sources */ = {isa = PBXBuildFile; fileRef = AEC6AE201D92EE8500933DCC /* SongListDeserializerSpec.swift */; };
		AECA4A481D8311EF00EBB222 /* AppDelegate.swift in Sources */ = {isa = PBXBuildFile; fileRef = AECA4A471D8311EF00EBB222 /* AppDelegate.swift */; };
		AECA4A4F1D8311EF00EBB222 /* Assets.xcassets in Resources */ = {isa = PBXBuildFile; fileRef = AECA4A4E1D8311EF00EBB222 /* Assets.xcassets */; };
		B63E7639F005B244B8EB149B /* Pods_BestPractices.framework in Frameworks */ = {isa = PBXBuildFile; fileRef = A960EF264F74121529805475 /* Pods_BestPractices.framework */; };
		DE99C1335A796E593C63906B /* Main.storyboard in Resources */ = {isa = PBXBuildFile; fileRef = DE99CC9A954DB67DE294D516 /* Main.storyboard */; };
		DE99C15018384EC0FA4D377B /* SongTableViewCell.swift in Sources */ = {isa = PBXBuildFile; fileRef = DE99CC4F898A2362F204A72A /* SongTableViewCell.swift */; };
		DE99C16832E147A8C83CC18E /* HomeViewControllerSpec.swift in Sources */ = {isa = PBXBuildFile; fileRef = DE99C828047E9E250097ADBA /* HomeViewControllerSpec.swift */; };
		DE99C1B1FCC8BB442521DA28 /* SongService.swift in Sources */ = {isa = PBXBuildFile; fileRef = DE99CC904ED4FA75FBF3CAB0 /* SongService.swift */; };
		DE99C1E47D042B0C3DCE0A23 /* LaunchScreen.storyboard in Resources */ = {isa = PBXBuildFile; fileRef = DE99C0DAE7295CBE17D7A118 /* LaunchScreen.storyboard */; };
		DE99C358C42FCD188D5ECBC4 /* ListViewControllerSpec.swift in Sources */ = {isa = PBXBuildFile; fileRef = DE99C5A73B9BE85B8658A01F /* ListViewControllerSpec.swift */; };
		DE99C6A10D742ACFD3D52FA5 /* HomeViewController.swift in Sources */ = {isa = PBXBuildFile; fileRef = DE99CA91A46C3662361D8EB2 /* HomeViewController.swift */; };
		DE99C9220822A0E8F854007A /* Dispatcher.swift in Sources */ = {isa = PBXBuildFile; fileRef = DE99C73AE447D3B9FAFA5BA9 /* Dispatcher.swift */; };
		DE99CC8B9BF5F664B889EB45 /* ListViewController.swift in Sources */ = {isa = PBXBuildFile; fileRef = DE99C25E5144BCCCCAEE3F72 /* ListViewController.swift */; };
/* End PBXBuildFile section */

/* Begin PBXContainerItemProxy section */
		AECA4A591D8311EF00EBB222 /* PBXContainerItemProxy */ = {
			isa = PBXContainerItemProxy;
			containerPortal = AECA4A3C1D8311EF00EBB222 /* Project object */;
			proxyType = 1;
			remoteGlobalIDString = AECA4A431D8311EF00EBB222;
			remoteInfo = BestPractices;
		};
/* End PBXContainerItemProxy section */

/* Begin PBXFileReference section */
		0AC07C5D20B35015417D7DA0 /* Pods-BestPracticesTests.release.xcconfig */ = {isa = PBXFileReference; includeInIndex = 1; lastKnownFileType = text.xcconfig; name = "Pods-BestPracticesTests.release.xcconfig"; path = "Pods/Target Support Files/Pods-BestPracticesTests/Pods-BestPracticesTests.release.xcconfig"; sourceTree = "<group>"; };
		6A276F38FC1726A8C7E937B7 /* Pods-BestPractices.release.xcconfig */ = {isa = PBXFileReference; includeInIndex = 1; lastKnownFileType = text.xcconfig; name = "Pods-BestPractices.release.xcconfig"; path = "Pods/Target Support Files/Pods-BestPractices/Pods-BestPractices.release.xcconfig"; sourceTree = "<group>"; };
		9EAC0E99A6C92352273C8513 /* Pods_BestPracticesTests.framework */ = {isa = PBXFileReference; explicitFileType = wrapper.framework; includeInIndex = 0; path = Pods_BestPracticesTests.framework; sourceTree = BUILT_PRODUCTS_DIR; };
		A68A29476DAABD3F71D1B900 /* Pods-BestPracticesTests.debug.xcconfig */ = {isa = PBXFileReference; includeInIndex = 1; lastKnownFileType = text.xcconfig; name = "Pods-BestPracticesTests.debug.xcconfig"; path = "Pods/Target Support Files/Pods-BestPracticesTests/Pods-BestPracticesTests.debug.xcconfig"; sourceTree = "<group>"; };
		A960EF264F74121529805475 /* Pods_BestPractices.framework */ = {isa = PBXFileReference; explicitFileType = wrapper.framework; includeInIndex = 0; path = Pods_BestPractices.framework; sourceTree = BUILT_PRODUCTS_DIR; };
		AE1ABA7D1D93059700357DA5 /* MockSongCache.swift */ = {isa = PBXFileReference; fileEncoding = 4; lastKnownFileType = sourcecode.swift; path = MockSongCache.swift; sourceTree = "<group>"; };
		AE1ABA811D9305EF00357DA5 /* SongCache.swift */ = {isa = PBXFileReference; fileEncoding = 4; lastKnownFileType = sourcecode.swift; path = SongCache.swift; sourceTree = "<group>"; };
		AE1ABA831D9308AA00357DA5 /* SongCacheSpec.swift */ = {isa = PBXFileReference; fileEncoding = 4; lastKnownFileType = sourcecode.swift; path = SongCacheSpec.swift; sourceTree = "<group>"; };
		AE1ABA851D9330D200357DA5 /* MockSongPersistence.swift */ = {isa = PBXFileReference; fileEncoding = 4; lastKnownFileType = sourcecode.swift; path = MockSongPersistence.swift; sourceTree = "<group>"; };
		AE1ABA871D9330EA00357DA5 /* SongPersistence.swift */ = {isa = PBXFileReference; fileEncoding = 4; lastKnownFileType = sourcecode.swift; path = SongPersistence.swift; sourceTree = "<group>"; };
		AE1ABA891D93394E00357DA5 /* SongPersistenceSpec.swift */ = {isa = PBXFileReference; fileEncoding = 4; lastKnownFileType = sourcecode.swift; path = SongPersistenceSpec.swift; sourceTree = "<group>"; };
		AE1ABA8B1D94429800357DA5 /* Song.swift */ = {isa = PBXFileReference; fileEncoding = 4; lastKnownFileType = sourcecode.swift; path = Song.swift; sourceTree = "<group>"; };
		AE1ABA8F1D947ACF00357DA5 /* MockDiskMaster.swift */ = {isa = PBXFileReference; fileEncoding = 4; lastKnownFileType = sourcecode.swift; path = MockDiskMaster.swift; sourceTree = "<group>"; };
		AE1ABA911D947B0D00357DA5 /* DiskMaster.swift */ = {isa = PBXFileReference; fileEncoding = 4; lastKnownFileType = sourcecode.swift; path = DiskMaster.swift; sourceTree = "<group>"; };
		AE1ABA961D947E2200357DA5 /* DiskMasterSpec.swift */ = {isa = PBXFileReference; fileEncoding = 4; lastKnownFileType = sourcecode.swift; path = DiskMasterSpec.swift; sourceTree = "<group>"; };
		AE1ABA981D9596C600357DA5 /* SongLoader.swift */ = {isa = PBXFileReference; fileEncoding = 4; lastKnownFileType = sourcecode.swift; path = SongLoader.swift; sourceTree = "<group>"; };
		AE1ABA9A1D95976900357DA5 /* SongLoaderSpec.swift */ = {isa = PBXFileReference; fileEncoding = 4; lastKnownFileType = sourcecode.swift; path = SongLoaderSpec.swift; sourceTree = "<group>"; };
		AE1ABA9C1D95A0A000357DA5 /* MockSongLoader.swift */ = {isa = PBXFileReference; fileEncoding = 4; lastKnownFileType = sourcecode.swift; path = MockSongLoader.swift; sourceTree = "<group>"; };
		AE1ABA9E1D99A2CE00357DA5 /* ActivityIndicator.swift */ = {isa = PBXFileReference; fileEncoding = 4; lastKnownFileType = sourcecode.swift; path = ActivityIndicator.swift; sourceTree = "<group>"; };
		AE1ABAA01D99A31500357DA5 /* MockActivityIndicator.swift */ = {isa = PBXFileReference; fileEncoding = 4; lastKnownFileType = sourcecode.swift; path = MockActivityIndicator.swift; sourceTree = "<group>"; };
		AE1ABAA21D99A77A00357DA5 /* ActivityIndicatorSpec.swift */ = {isa = PBXFileReference; fileEncoding = 4; lastKnownFileType = sourcecode.swift; path = ActivityIndicatorSpec.swift; sourceTree = "<group>"; };
		AE1ABAA41D99CB6600357DA5 /* AppDelegateSpec.swift */ = {isa = PBXFileReference; fileEncoding = 4; lastKnownFileType = sourcecode.swift; path = AppDelegateSpec.swift; sourceTree = "<group>"; };
		AE1ABAA81D99CF9C00357DA5 /* main.swift */ = {isa = PBXFileReference; fileEncoding = 4; lastKnownFileType = sourcecode.swift; path = main.swift; sourceTree = "<group>"; };
		AE1ABAAC1D99E07B00357DA5 /* MockApplication.swift */ = {isa = PBXFileReference; fileEncoding = 4; lastKnownFileType = sourcecode.swift; path = MockApplication.swift; sourceTree = "<group>"; };
		AE1ABAB11D99E26400357DA5 /* ApplicationProvider.swift */ = {isa = PBXFileReference; fileEncoding = 4; lastKnownFileType = sourcecode.swift; path = ApplicationProvider.swift; sourceTree = "<group>"; };
		AE1ABAB41D99E28F00357DA5 /* ApplicationProviderSpec.swift */ = {isa = PBXFileReference; fileEncoding = 4; lastKnownFileType = sourcecode.swift; path = ApplicationProviderSpec.swift; sourceTree = "<group>"; };
		AE1ABAB61D99E33F00357DA5 /* MockApplicationProvider.swift */ = {isa = PBXFileReference; fileEncoding = 4; lastKnownFileType = sourcecode.swift; path = MockApplicationProvider.swift; sourceTree = "<group>"; };
		AE304A7D1D885A03001F1D0C /* SongSpec.swift */ = {isa = PBXFileReference; fileEncoding = 4; lastKnownFileType = sourcecode.swift; path = SongSpec.swift; sourceTree = "<group>"; };
		AE304A7F1D885CAD001F1D0C /* SongTableViewCellSpec.swift */ = {isa = PBXFileReference; fileEncoding = 4; lastKnownFileType = sourcecode.swift; path = SongTableViewCellSpec.swift; sourceTree = "<group>"; };
		AE304A811D888212001F1D0C /* SongSelectionDelegate.swift */ = {isa = PBXFileReference; fileEncoding = 4; lastKnownFileType = sourcecode.swift; path = SongSelectionDelegate.swift; sourceTree = "<group>"; };
		AE319F401D9C613D00A65FB9 /* EngineBuilder.swift */ = {isa = PBXFileReference; fileEncoding = 4; lastKnownFileType = sourcecode.swift; path = EngineBuilder.swift; sourceTree = "<group>"; };
		AE319F421D9C628000A65FB9 /* EngineBuilderMock.swift */ = {isa = PBXFileReference; fileEncoding = 4; lastKnownFileType = sourcecode.swift; path = EngineBuilderMock.swift; sourceTree = "<group>"; };
		AE319F441D9C65CB00A65FB9 /* EngineBuilderSpec.swift */ = {isa = PBXFileReference; fileEncoding = 4; lastKnownFileType = sourcecode.swift; path = EngineBuilderSpec.swift; sourceTree = "<group>"; };
		AE319F461D9D767900A65FB9 /* Audio.swift */ = {isa = PBXFileReference; fileEncoding = 4; lastKnownFileType = sourcecode.swift; path = Audio.swift; sourceTree = "<group>"; };
		AE319F481D9D7CB700A65FB9 /* MockAVAudioPlayerNode.swift */ = {isa = PBXFileReference; fileEncoding = 4; lastKnownFileType = sourcecode.swift; path = MockAVAudioPlayerNode.swift; sourceTree = "<group>"; };
		AE319F4A1D9D7D6500A65FB9 /* MockAVAudioEngine.swift */ = {isa = PBXFileReference; fileEncoding = 4; lastKnownFileType = sourcecode.swift; path = MockAVAudioEngine.swift; sourceTree = "<group>"; };
		AE319F4C1D9D7E9C00A65FB9 /* MockAVAudioUnitDelay.swift */ = {isa = PBXFileReference; fileEncoding = 4; lastKnownFileType = sourcecode.swift; path = MockAVAudioUnitDelay.swift; sourceTree = "<group>"; };
		AE319F4E1D9D9AED00A65FB9 /* ShiftTranslator.swift */ = {isa = PBXFileReference; fileEncoding = 4; lastKnownFileType = sourcecode.swift; path = ShiftTranslator.swift; sourceTree = "<group>"; };
		AE319F501D9D9B3A00A65FB9 /* MockShiftTranslator.swift */ = {isa = PBXFileReference; fileEncoding = 4; lastKnownFileType = sourcecode.swift; path = MockShiftTranslator.swift; sourceTree = "<group>"; };
		AE319F521D9DA17000A65FB9 /* ShiftTranslatorSpec.swift */ = {isa = PBXFileReference; fileEncoding = 4; lastKnownFileType = sourcecode.swift; path = ShiftTranslatorSpec.swift; sourceTree = "<group>"; };
		AE319F541D9DB9D900A65FB9 /* AudioBox.swift */ = {isa = PBXFileReference; fileEncoding = 4; lastKnownFileType = sourcecode.swift; path = AudioBox.swift; sourceTree = "<group>"; };
		AE319F561D9DBAE600A65FB9 /* AudioBoxSpec.swift */ = {isa = PBXFileReference; fileEncoding = 4; lastKnownFileType = sourcecode.swift; path = AudioBoxSpec.swift; sourceTree = "<group>"; };
		AE319F581D9DBE5B00A65FB9 /* MockAudioBox.swift */ = {isa = PBXFileReference; fileEncoding = 4; lastKnownFileType = sourcecode.swift; path = MockAudioBox.swift; sourceTree = "<group>"; };
		AEAACF051D8A0B6B007177CF /* MockSongService.swift */ = {isa = PBXFileReference; fileEncoding = 4; lastKnownFileType = sourcecode.swift; path = MockSongService.swift; sourceTree = "<group>"; };
		AEAACF071D8A0B89007177CF /* MockDispatcher.swift */ = {isa = PBXFileReference; fileEncoding = 4; lastKnownFileType = sourcecode.swift; path = MockDispatcher.swift; sourceTree = "<group>"; };
		AEAACF091D8A0BA3007177CF /* MockSongSelectionDelegate.swift */ = {isa = PBXFileReference; fileEncoding = 4; lastKnownFileType = sourcecode.swift; path = MockSongSelectionDelegate.swift; sourceTree = "<group>"; };
		AEAACF0B1D8A10AE007177CF /* MockListViewController.swift */ = {isa = PBXFileReference; fileEncoding = 4; lastKnownFileType = sourcecode.swift; path = MockListViewController.swift; sourceTree = "<group>"; };
		AEAACF101D8B023F007177CF /* DispatcherSpec.swift */ = {isa = PBXFileReference; fileEncoding = 4; lastKnownFileType = sourcecode.swift; path = DispatcherSpec.swift; sourceTree = "<group>"; };
		AEAACF121D8B033C007177CF /* MockOperationQueue.swift */ = {isa = PBXFileReference; fileEncoding = 4; lastKnownFileType = sourcecode.swift; path = MockOperationQueue.swift; sourceTree = "<group>"; };
		AEAACF151D8B0697007177CF /* SongServiceSpec.swift */ = {isa = PBXFileReference; fileEncoding = 4; lastKnownFileType = sourcecode.swift; path = SongServiceSpec.swift; sourceTree = "<group>"; };
		AEAACF1D1D8B1161007177CF /* MockRequestProvider.swift */ = {isa = PBXFileReference; fileEncoding = 4; lastKnownFileType = sourcecode.swift; path = MockRequestProvider.swift; sourceTree = "<group>"; };
		AEAACF211D8B11E2007177CF /* HTTPRequest.swift */ = {isa = PBXFileReference; fileEncoding = 4; lastKnownFileType = sourcecode.swift; path = HTTPRequest.swift; sourceTree = "<group>"; };
		AEAACF231D8B1277007177CF /* RequestProvider.swift */ = {isa = PBXFileReference; fileEncoding = 4; lastKnownFileType = sourcecode.swift; path = RequestProvider.swift; sourceTree = "<group>"; };
		AEAACF251D8B1442007177CF /* HTTPRequestSpec.swift */ = {isa = PBXFileReference; fileEncoding = 4; lastKnownFileType = sourcecode.swift; path = HTTPRequestSpec.swift; sourceTree = "<group>"; };
		AEAACF2B1D8B1B08007177CF /* MockHTTPClient.swift */ = {isa = PBXFileReference; fileEncoding = 4; lastKnownFileType = sourcecode.swift; path = MockHTTPClient.swift; sourceTree = "<group>"; };
		AEAACF2D1D8B1CC8007177CF /* HTTPClient.swift */ = {isa = PBXFileReference; fileEncoding = 4; lastKnownFileType = sourcecode.swift; path = HTTPClient.swift; sourceTree = "<group>"; };
		AEAACF2F1D8B2586007177CF /* RequestProviderSpec.swift */ = {isa = PBXFileReference; fileEncoding = 4; lastKnownFileType = sourcecode.swift; path = RequestProviderSpec.swift; sourceTree = "<group>"; };
		AEAACF321D8B56B7007177CF /* getSongsListResponse.json */ = {isa = PBXFileReference; fileEncoding = 4; lastKnownFileType = text.json; path = getSongsListResponse.json; sourceTree = "<group>"; };
		AEAACF341D8B6373007177CF /* HTTPClientSpec.swift */ = {isa = PBXFileReference; fileEncoding = 4; lastKnownFileType = sourcecode.swift; path = HTTPClientSpec.swift; sourceTree = "<group>"; };
		AEAACF361D8C4C01007177CF /* MockRequestTranslator.swift */ = {isa = PBXFileReference; fileEncoding = 4; lastKnownFileType = sourcecode.swift; path = MockRequestTranslator.swift; sourceTree = "<group>"; };
		AEAACF381D8C4C9C007177CF /* RequestTranslator.swift */ = {isa = PBXFileReference; fileEncoding = 4; lastKnownFileType = sourcecode.swift; path = RequestTranslator.swift; sourceTree = "<group>"; };
		AEAACF411D8C7A9B007177CF /* RequestTranslatorSpec.swift */ = {isa = PBXFileReference; fileEncoding = 4; lastKnownFileType = sourcecode.swift; path = RequestTranslatorSpec.swift; sourceTree = "<group>"; };
		AEAACF431D908FA1007177CF /* hall_and_oates_cover.jpeg */ = {isa = PBXFileReference; lastKnownFileType = image.jpeg; path = hall_and_oates_cover.jpeg; sourceTree = "<group>"; };
		AEAACF4B1D90B595007177CF /* MockPlayer.swift */ = {isa = PBXFileReference; fileEncoding = 4; lastKnownFileType = sourcecode.swift; path = MockPlayer.swift; sourceTree = "<group>"; };
		AEAACF4E1D90B662007177CF /* Player.swift */ = {isa = PBXFileReference; fileEncoding = 4; lastKnownFileType = sourcecode.swift; path = Player.swift; sourceTree = "<group>"; };
		AEC6AE131D90B83B00933DCC /* PlayerSpec.swift */ = {isa = PBXFileReference; fileEncoding = 4; lastKnownFileType = sourcecode.swift; path = PlayerSpec.swift; sourceTree = "<group>"; };
		AEC6AE151D91997400933DCC /* maneater.mp3 */ = {isa = PBXFileReference; lastKnownFileType = audio.mp3; path = maneater.mp3; sourceTree = "<group>"; };
		AEC6AE1A1D92EBC900933DCC /* MockSongListDeserializer.swift */ = {isa = PBXFileReference; fileEncoding = 4; lastKnownFileType = sourcecode.swift; path = MockSongListDeserializer.swift; sourceTree = "<group>"; };
		AEC6AE1D1D92EC1300933DCC /* SongListDeserializer.swift */ = {isa = PBXFileReference; fileEncoding = 4; lastKnownFileType = sourcecode.swift; path = SongListDeserializer.swift; sourceTree = "<group>"; };
		AEC6AE201D92EE8500933DCC /* SongListDeserializerSpec.swift */ = {isa = PBXFileReference; fileEncoding = 4; lastKnownFileType = sourcecode.swift; path = SongListDeserializerSpec.swift; sourceTree = "<group>"; };
		AECA4A441D8311EF00EBB222 /* BestPractices.app */ = {isa = PBXFileReference; explicitFileType = wrapper.application; includeInIndex = 0; path = BestPractices.app; sourceTree = BUILT_PRODUCTS_DIR; };
		AECA4A471D8311EF00EBB222 /* AppDelegate.swift */ = {isa = PBXFileReference; lastKnownFileType = sourcecode.swift; path = AppDelegate.swift; sourceTree = "<group>"; };
		AECA4A4E1D8311EF00EBB222 /* Assets.xcassets */ = {isa = PBXFileReference; lastKnownFileType = folder.assetcatalog; path = Assets.xcassets; sourceTree = "<group>"; };
		AECA4A531D8311EF00EBB222 /* Info.plist */ = {isa = PBXFileReference; lastKnownFileType = text.plist.xml; path = Info.plist; sourceTree = "<group>"; };
		AECA4A581D8311EF00EBB222 /* BestPracticesTests.xctest */ = {isa = PBXFileReference; explicitFileType = wrapper.cfbundle; includeInIndex = 0; path = BestPracticesTests.xctest; sourceTree = BUILT_PRODUCTS_DIR; };
		AECA4A5E1D8311EF00EBB222 /* Info.plist */ = {isa = PBXFileReference; lastKnownFileType = text.plist.xml; path = Info.plist; sourceTree = "<group>"; };
		DE99C25E5144BCCCCAEE3F72 /* ListViewController.swift */ = {isa = PBXFileReference; fileEncoding = 4; lastKnownFileType = sourcecode.swift; path = ListViewController.swift; sourceTree = "<group>"; };
		DE99C5A73B9BE85B8658A01F /* ListViewControllerSpec.swift */ = {isa = PBXFileReference; fileEncoding = 4; lastKnownFileType = sourcecode.swift; path = ListViewControllerSpec.swift; sourceTree = "<group>"; };
		DE99C73AE447D3B9FAFA5BA9 /* Dispatcher.swift */ = {isa = PBXFileReference; fileEncoding = 4; lastKnownFileType = sourcecode.swift; path = Dispatcher.swift; sourceTree = "<group>"; };
		DE99C828047E9E250097ADBA /* HomeViewControllerSpec.swift */ = {isa = PBXFileReference; fileEncoding = 4; lastKnownFileType = sourcecode.swift; path = HomeViewControllerSpec.swift; sourceTree = "<group>"; };
		DE99C8ED98E4A323BF3EA4ED /* Base */ = {isa = PBXFileReference; lastKnownFileType = file.storyboard; name = Base; path = BestPractices/Base.lproj/Main.storyboard; sourceTree = SOURCE_ROOT; };
		DE99CA91A46C3662361D8EB2 /* HomeViewController.swift */ = {isa = PBXFileReference; fileEncoding = 4; lastKnownFileType = sourcecode.swift; path = HomeViewController.swift; sourceTree = "<group>"; };
		DE99CC4F898A2362F204A72A /* SongTableViewCell.swift */ = {isa = PBXFileReference; fileEncoding = 4; lastKnownFileType = sourcecode.swift; path = SongTableViewCell.swift; sourceTree = "<group>"; };
		DE99CC904ED4FA75FBF3CAB0 /* SongService.swift */ = {isa = PBXFileReference; fileEncoding = 4; lastKnownFileType = sourcecode.swift; path = SongService.swift; sourceTree = "<group>"; };
		DE99CE28388A469DF3F78E4B /* Base */ = {isa = PBXFileReference; lastKnownFileType = file.storyboard; name = Base; path = BestPractices/Base.lproj/LaunchScreen.storyboard; sourceTree = SOURCE_ROOT; };
		FB5D658DE51C8BC1AD7FB586 /* Pods-BestPractices.debug.xcconfig */ = {isa = PBXFileReference; includeInIndex = 1; lastKnownFileType = text.xcconfig; name = "Pods-BestPractices.debug.xcconfig"; path = "Pods/Target Support Files/Pods-BestPractices/Pods-BestPractices.debug.xcconfig"; sourceTree = "<group>"; };
/* End PBXFileReference section */

/* Begin PBXFrameworksBuildPhase section */
		AECA4A411D8311EF00EBB222 /* Frameworks */ = {
			isa = PBXFrameworksBuildPhase;
			buildActionMask = 2147483647;
			files = (
				B63E7639F005B244B8EB149B /* Pods_BestPractices.framework in Frameworks */,
			);
			runOnlyForDeploymentPostprocessing = 0;
		};
		AECA4A551D8311EF00EBB222 /* Frameworks */ = {
			isa = PBXFrameworksBuildPhase;
			buildActionMask = 2147483647;
			files = (
				08F8128CA9ECC2978D2DABFA /* Pods_BestPracticesTests.framework in Frameworks */,
			);
			runOnlyForDeploymentPostprocessing = 0;
		};
/* End PBXFrameworksBuildPhase section */

/* Begin PBXGroup section */
		09F368F64D307807BD0F14A9 /* Frameworks */ = {
			isa = PBXGroup;
			children = (
				A960EF264F74121529805475 /* Pods_BestPractices.framework */,
				9EAC0E99A6C92352273C8513 /* Pods_BestPracticesTests.framework */,
			);
			name = Frameworks;
			sourceTree = "<group>";
		};
		AE1ABA7F1D9305B800357DA5 /* Persistence */ = {
			isa = PBXGroup;
			children = (
				AE1ABA811D9305EF00357DA5 /* SongCache.swift */,
				AE1ABA871D9330EA00357DA5 /* SongPersistence.swift */,
				AE1ABA911D947B0D00357DA5 /* DiskMaster.swift */,
			);
			path = Persistence;
			sourceTree = "<group>";
		};
		AE1ABA801D9305DA00357DA5 /* Persistence */ = {
			isa = PBXGroup;
			children = (
				AE1ABA831D9308AA00357DA5 /* SongCacheSpec.swift */,
				AE1ABA891D93394E00357DA5 /* SongPersistenceSpec.swift */,
				AE1ABA961D947E2200357DA5 /* DiskMasterSpec.swift */,
			);
			path = Persistence;
			sourceTree = "<group>";
		};
		AE1ABAAE1D99E10500357DA5 /* Third Party Providers */ = {
			isa = PBXGroup;
			children = (
				AE1ABAB11D99E26400357DA5 /* ApplicationProvider.swift */,
				AE319F461D9D767900A65FB9 /* Audio.swift */,
			);
			path = "Third Party Providers";
			sourceTree = "<group>";
		};
		AE1ABAB31D99E27400357DA5 /* Protocols */ = {
			isa = PBXGroup;
			children = (
				AE1ABAB41D99E28F00357DA5 /* ApplicationProviderSpec.swift */,
			);
			path = Protocols;
			sourceTree = "<group>";
		};
		AE304A7B1D88528A001F1D0C /* UI */ = {
			isa = PBXGroup;
			children = (
				DE99CA91A46C3662361D8EB2 /* HomeViewController.swift */,
				DE99CC4F898A2362F204A72A /* SongTableViewCell.swift */,
				DE99C25E5144BCCCCAEE3F72 /* ListViewController.swift */,
				DE99C0DAE7295CBE17D7A118 /* LaunchScreen.storyboard */,
				DE99CC9A954DB67DE294D516 /* Main.storyboard */,
				AE304A811D888212001F1D0C /* SongSelectionDelegate.swift */,
			);
			path = UI;
			sourceTree = "<group>";
		};
		AE304A7C1D8859EA001F1D0C /* Models */ = {
			isa = PBXGroup;
			children = (
				AE304A7D1D885A03001F1D0C /* SongSpec.swift */,
			);
			path = Models;
			sourceTree = "<group>";
		};
		AEAACF041D8A0B43007177CF /* Mocks */ = {
			isa = PBXGroup;
			children = (
				AEAACF051D8A0B6B007177CF /* MockSongService.swift */,
				AEAACF071D8A0B89007177CF /* MockDispatcher.swift */,
				AEAACF091D8A0BA3007177CF /* MockSongSelectionDelegate.swift */,
				AEAACF0B1D8A10AE007177CF /* MockListViewController.swift */,
				AEAACF121D8B033C007177CF /* MockOperationQueue.swift */,
				AEAACF1D1D8B1161007177CF /* MockRequestProvider.swift */,
				AEAACF2B1D8B1B08007177CF /* MockHTTPClient.swift */,
				AEAACF361D8C4C01007177CF /* MockRequestTranslator.swift */,
				AEAACF4B1D90B595007177CF /* MockPlayer.swift */,
				AEC6AE1A1D92EBC900933DCC /* MockSongListDeserializer.swift */,
				AE1ABA7D1D93059700357DA5 /* MockSongCache.swift */,
				AE1ABA851D9330D200357DA5 /* MockSongPersistence.swift */,
				AE1ABA8F1D947ACF00357DA5 /* MockDiskMaster.swift */,
				AE1ABA9C1D95A0A000357DA5 /* MockSongLoader.swift */,
				AE1ABAA01D99A31500357DA5 /* MockActivityIndicator.swift */,
				AE1ABAAC1D99E07B00357DA5 /* MockApplication.swift */,
				AE1ABAB61D99E33F00357DA5 /* MockApplicationProvider.swift */,
				AE319F421D9C628000A65FB9 /* EngineBuilderMock.swift */,
				AE319F481D9D7CB700A65FB9 /* MockAVAudioPlayerNode.swift */,
				AE319F4A1D9D7D6500A65FB9 /* MockAVAudioEngine.swift */,
				AE319F4C1D9D7E9C00A65FB9 /* MockAVAudioUnitDelay.swift */,
				AE319F501D9D9B3A00A65FB9 /* MockShiftTranslator.swift */,
				AE319F581D9DBE5B00A65FB9 /* MockAudioBox.swift */,
			);
			path = Mocks;
			sourceTree = "<group>";
		};
		AEAACF0F1D8B0222007177CF /* Dispatching */ = {
			isa = PBXGroup;
			children = (
				AEAACF101D8B023F007177CF /* DispatcherSpec.swift */,
			);
			path = Dispatching;
			sourceTree = "<group>";
		};
		AEAACF141D8B0671007177CF /* Networking */ = {
			isa = PBXGroup;
			children = (
				AEAACF151D8B0697007177CF /* SongServiceSpec.swift */,
				AEAACF251D8B1442007177CF /* HTTPRequestSpec.swift */,
				AEAACF2F1D8B2586007177CF /* RequestProviderSpec.swift */,
				AEAACF341D8B6373007177CF /* HTTPClientSpec.swift */,
				AEAACF411D8C7A9B007177CF /* RequestTranslatorSpec.swift */,
				AE1ABAA21D99A77A00357DA5 /* ActivityIndicatorSpec.swift */,
			);
			path = Networking;
			sourceTree = "<group>";
		};
		AEAACF311D8B518C007177CF /* ResponseFixtures */ = {
			isa = PBXGroup;
			children = (
				AEC6AE151D91997400933DCC /* maneater.mp3 */,
				AEAACF431D908FA1007177CF /* hall_and_oates_cover.jpeg */,
				AEAACF321D8B56B7007177CF /* getSongsListResponse.json */,
			);
			path = ResponseFixtures;
			sourceTree = "<group>";
		};
		AEAACF4D1D90B645007177CF /* Player */ = {
			isa = PBXGroup;
			children = (
				AEAACF4E1D90B662007177CF /* Player.swift */,
				AE1ABA981D9596C600357DA5 /* SongLoader.swift */,
				AE319F401D9C613D00A65FB9 /* EngineBuilder.swift */,
				AE319F4E1D9D9AED00A65FB9 /* ShiftTranslator.swift */,
				AE319F541D9DB9D900A65FB9 /* AudioBox.swift */,
			);
			path = Player;
			sourceTree = "<group>";
		};
		AEC6AE121D90B82A00933DCC /* Player */ = {
			isa = PBXGroup;
			children = (
				AEC6AE131D90B83B00933DCC /* PlayerSpec.swift */,
				AE1ABA9A1D95976900357DA5 /* SongLoaderSpec.swift */,
				AE319F441D9C65CB00A65FB9 /* EngineBuilderSpec.swift */,
				AE319F521D9DA17000A65FB9 /* ShiftTranslatorSpec.swift */,
				AE319F561D9DBAE600A65FB9 /* AudioBoxSpec.swift */,
			);
			path = Player;
			sourceTree = "<group>";
		};
		AEC6AE1C1D92EBF200933DCC /* Deserialization */ = {
			isa = PBXGroup;
			children = (
				AEC6AE1D1D92EC1300933DCC /* SongListDeserializer.swift */,
			);
			path = Deserialization;
			sourceTree = "<group>";
		};
		AEC6AE1F1D92EE6C00933DCC /* Deserialization */ = {
			isa = PBXGroup;
			children = (
				AEC6AE201D92EE8500933DCC /* SongListDeserializerSpec.swift */,
			);
			path = Deserialization;
			sourceTree = "<group>";
		};
		AECA4A3B1D8311EF00EBB222 = {
			isa = PBXGroup;
			children = (
				AECA4A461D8311EF00EBB222 /* BestPractices */,
				AECA4A5B1D8311EF00EBB222 /* BestPracticesTests */,
				AECA4A451D8311EF00EBB222 /* Products */,
				D0205E958FE7369AF3A79338 /* Pods */,
				09F368F64D307807BD0F14A9 /* Frameworks */,
			);
			sourceTree = "<group>";
		};
		AECA4A451D8311EF00EBB222 /* Products */ = {
			isa = PBXGroup;
			children = (
				AECA4A441D8311EF00EBB222 /* BestPractices.app */,
				AECA4A581D8311EF00EBB222 /* BestPracticesTests.xctest */,
			);
			name = Products;
			sourceTree = "<group>";
		};
		AECA4A461D8311EF00EBB222 /* BestPractices */ = {
			isa = PBXGroup;
			children = (
				AE1ABAAE1D99E10500357DA5 /* Third Party Providers */,
				AE1ABA7F1D9305B800357DA5 /* Persistence */,
				AEC6AE1C1D92EBF200933DCC /* Deserialization */,
				AEAACF4D1D90B645007177CF /* Player */,
				AE304A7B1D88528A001F1D0C /* UI */,
				AECA4A471D8311EF00EBB222 /* AppDelegate.swift */,
				AECA4A4E1D8311EF00EBB222 /* Assets.xcassets */,
				AECA4A531D8311EF00EBB222 /* Info.plist */,
				DE99CF77F0CCA932046EACD5 /* Models */,
				DE99CCE1FDA328572421D3CC /* Networking */,
				DE99C304981C506A3CC2E5A5 /* Dispatching */,
				AE1ABAA81D99CF9C00357DA5 /* main.swift */,
			);
			path = BestPractices;
			sourceTree = "<group>";
		};
		AECA4A5B1D8311EF00EBB222 /* BestPracticesTests */ = {
			isa = PBXGroup;
			children = (
				AE1ABAB31D99E27400357DA5 /* Protocols */,
				AE1ABA801D9305DA00357DA5 /* Persistence */,
				AEC6AE1F1D92EE6C00933DCC /* Deserialization */,
				AEC6AE121D90B82A00933DCC /* Player */,
				AEAACF311D8B518C007177CF /* ResponseFixtures */,
				AEAACF141D8B0671007177CF /* Networking */,
				AEAACF0F1D8B0222007177CF /* Dispatching */,
				AEAACF041D8A0B43007177CF /* Mocks */,
				AE304A7C1D8859EA001F1D0C /* Models */,
				AECA4A5E1D8311EF00EBB222 /* Info.plist */,
				DE99CD0DA4D96B14D5BC4AD7 /* UI */,
				AE1ABAA41D99CB6600357DA5 /* AppDelegateSpec.swift */,
			);
			path = BestPracticesTests;
			sourceTree = "<group>";
		};
		D0205E958FE7369AF3A79338 /* Pods */ = {
			isa = PBXGroup;
			children = (
				FB5D658DE51C8BC1AD7FB586 /* Pods-BestPractices.debug.xcconfig */,
				6A276F38FC1726A8C7E937B7 /* Pods-BestPractices.release.xcconfig */,
				A68A29476DAABD3F71D1B900 /* Pods-BestPracticesTests.debug.xcconfig */,
				0AC07C5D20B35015417D7DA0 /* Pods-BestPracticesTests.release.xcconfig */,
			);
			name = Pods;
			sourceTree = "<group>";
		};
		DE99C304981C506A3CC2E5A5 /* Dispatching */ = {
			isa = PBXGroup;
			children = (
				DE99C73AE447D3B9FAFA5BA9 /* Dispatcher.swift */,
			);
			path = Dispatching;
			sourceTree = "<group>";
		};
		DE99CCE1FDA328572421D3CC /* Networking */ = {
			isa = PBXGroup;
			children = (
				DE99CC904ED4FA75FBF3CAB0 /* SongService.swift */,
				AEAACF211D8B11E2007177CF /* HTTPRequest.swift */,
				AEAACF231D8B1277007177CF /* RequestProvider.swift */,
				AEAACF2D1D8B1CC8007177CF /* HTTPClient.swift */,
				AEAACF381D8C4C9C007177CF /* RequestTranslator.swift */,
				AE1ABA9E1D99A2CE00357DA5 /* ActivityIndicator.swift */,
			);
			path = Networking;
			sourceTree = "<group>";
		};
		DE99CD0DA4D96B14D5BC4AD7 /* UI */ = {
			isa = PBXGroup;
			children = (
				DE99C5A73B9BE85B8658A01F /* ListViewControllerSpec.swift */,
				DE99C828047E9E250097ADBA /* HomeViewControllerSpec.swift */,
				AE304A7F1D885CAD001F1D0C /* SongTableViewCellSpec.swift */,
			);
			path = UI;
			sourceTree = "<group>";
		};
		DE99CF77F0CCA932046EACD5 /* Models */ = {
			isa = PBXGroup;
			children = (
				AE1ABA8B1D94429800357DA5 /* Song.swift */,
			);
			path = Models;
			sourceTree = "<group>";
		};
/* End PBXGroup section */

/* Begin PBXNativeTarget section */
		AECA4A431D8311EF00EBB222 /* BestPractices */ = {
			isa = PBXNativeTarget;
			buildConfigurationList = AECA4A611D8311EF00EBB222 /* Build configuration list for PBXNativeTarget "BestPractices" */;
			buildPhases = (
				A77D1895AAADFB26B458D51E /* [CP] Check Pods Manifest.lock */,
				AECA4A401D8311EF00EBB222 /* Sources */,
				AECA4A411D8311EF00EBB222 /* Frameworks */,
				AECA4A421D8311EF00EBB222 /* Resources */,
				EDF4146498AE8482D8A809DD /* [CP] Embed Pods Frameworks */,
				D38BEA74069E36DB7411FE7F /* [CP] Copy Pods Resources */,
			);
			buildRules = (
			);
			dependencies = (
			);
			name = BestPractices;
			productName = BestPractices;
			productReference = AECA4A441D8311EF00EBB222 /* BestPractices.app */;
			productType = "com.apple.product-type.application";
		};
		AECA4A571D8311EF00EBB222 /* BestPracticesTests */ = {
			isa = PBXNativeTarget;
			buildConfigurationList = AECA4A641D8311EF00EBB222 /* Build configuration list for PBXNativeTarget "BestPracticesTests" */;
			buildPhases = (
				1500C0EEC07C99CE3583AB83 /* [CP] Check Pods Manifest.lock */,
				AECA4A541D8311EF00EBB222 /* Sources */,
				AECA4A551D8311EF00EBB222 /* Frameworks */,
				AECA4A561D8311EF00EBB222 /* Resources */,
				23ED64B48A27F053EA3CB340 /* [CP] Embed Pods Frameworks */,
				A7723798C9D796ED062C57C0 /* [CP] Copy Pods Resources */,
				AE304A6A1D831986001F1D0C /* ShellScript */,
			);
			buildRules = (
			);
			dependencies = (
				AECA4A5A1D8311EF00EBB222 /* PBXTargetDependency */,
			);
			name = BestPracticesTests;
			productName = BestPracticesTests;
			productReference = AECA4A581D8311EF00EBB222 /* BestPracticesTests.xctest */;
			productType = "com.apple.product-type.bundle.unit-test";
		};
/* End PBXNativeTarget section */

/* Begin PBXProject section */
		AECA4A3C1D8311EF00EBB222 /* Project object */ = {
			isa = PBXProject;
			attributes = {
				LastSwiftUpdateCheck = 0730;
				LastUpgradeCheck = 0800;
				ORGANIZATIONNAME = "Brian Jennings";
				TargetAttributes = {
					AECA4A431D8311EF00EBB222 = {
						CreatedOnToolsVersion = 7.3.1;
						LastSwiftMigration = 0800;
						SystemCapabilities = {
							com.apple.BackgroundModes = {
								enabled = 1;
							};
						};
					};
					AECA4A571D8311EF00EBB222 = {
						CreatedOnToolsVersion = 7.3.1;
						LastSwiftMigration = 0800;
						TestTargetID = AECA4A431D8311EF00EBB222;
					};
				};
			};
			buildConfigurationList = AECA4A3F1D8311EF00EBB222 /* Build configuration list for PBXProject "BestPractices" */;
			compatibilityVersion = "Xcode 3.2";
			developmentRegion = English;
			hasScannedForEncodings = 0;
			knownRegions = (
				en,
				Base,
			);
			mainGroup = AECA4A3B1D8311EF00EBB222;
			productRefGroup = AECA4A451D8311EF00EBB222 /* Products */;
			projectDirPath = "";
			projectRoot = "";
			targets = (
				AECA4A431D8311EF00EBB222 /* BestPractices */,
				AECA4A571D8311EF00EBB222 /* BestPracticesTests */,
			);
		};
/* End PBXProject section */

/* Begin PBXResourcesBuildPhase section */
		AECA4A421D8311EF00EBB222 /* Resources */ = {
			isa = PBXResourcesBuildPhase;
			buildActionMask = 2147483647;
			files = (
				AECA4A4F1D8311EF00EBB222 /* Assets.xcassets in Resources */,
				DE99C1E47D042B0C3DCE0A23 /* LaunchScreen.storyboard in Resources */,
				DE99C1335A796E593C63906B /* Main.storyboard in Resources */,
			);
			runOnlyForDeploymentPostprocessing = 0;
		};
		AECA4A561D8311EF00EBB222 /* Resources */ = {
			isa = PBXResourcesBuildPhase;
			buildActionMask = 2147483647;
			files = (
				AEAACF331D8B56B7007177CF /* getSongsListResponse.json in Resources */,
				AEAACF441D908FA1007177CF /* hall_and_oates_cover.jpeg in Resources */,
				AEC6AE161D91997400933DCC /* maneater.mp3 in Resources */,
			);
			runOnlyForDeploymentPostprocessing = 0;
		};
/* End PBXResourcesBuildPhase section */

/* Begin PBXShellScriptBuildPhase section */
		1500C0EEC07C99CE3583AB83 /* [CP] Check Pods Manifest.lock */ = {
			isa = PBXShellScriptBuildPhase;
			buildActionMask = 2147483647;
			files = (
			);
			inputPaths = (
			);
			name = "[CP] Check Pods Manifest.lock";
			outputPaths = (
			);
			runOnlyForDeploymentPostprocessing = 0;
			shellPath = /bin/sh;
			shellScript = "diff \"${PODS_ROOT}/../Podfile.lock\" \"${PODS_ROOT}/Manifest.lock\" > /dev/null\nif [ $? != 0 ] ; then\n    # print error to STDERR\n    echo \"error: The sandbox is not in sync with the Podfile.lock. Run 'pod install' or update your CocoaPods installation.\" >&2\n    exit 1\nfi\n";
			showEnvVarsInLog = 0;
		};
		23ED64B48A27F053EA3CB340 /* [CP] Embed Pods Frameworks */ = {
			isa = PBXShellScriptBuildPhase;
			buildActionMask = 2147483647;
			files = (
			);
			inputPaths = (
			);
			name = "[CP] Embed Pods Frameworks";
			outputPaths = (
			);
			runOnlyForDeploymentPostprocessing = 0;
			shellPath = /bin/sh;
			shellScript = "\"${SRCROOT}/Pods/Target Support Files/Pods-BestPracticesTests/Pods-BestPracticesTests-frameworks.sh\"\n";
			showEnvVarsInLog = 0;
		};
		A7723798C9D796ED062C57C0 /* [CP] Copy Pods Resources */ = {
			isa = PBXShellScriptBuildPhase;
			buildActionMask = 2147483647;
			files = (
			);
			inputPaths = (
			);
			name = "[CP] Copy Pods Resources";
			outputPaths = (
			);
			runOnlyForDeploymentPostprocessing = 0;
			shellPath = /bin/sh;
			shellScript = "\"${SRCROOT}/Pods/Target Support Files/Pods-BestPracticesTests/Pods-BestPracticesTests-resources.sh\"\n";
			showEnvVarsInLog = 0;
		};
		A77D1895AAADFB26B458D51E /* [CP] Check Pods Manifest.lock */ = {
			isa = PBXShellScriptBuildPhase;
			buildActionMask = 2147483647;
			files = (
			);
			inputPaths = (
			);
			name = "[CP] Check Pods Manifest.lock";
			outputPaths = (
			);
			runOnlyForDeploymentPostprocessing = 0;
			shellPath = /bin/sh;
			shellScript = "diff \"${PODS_ROOT}/../Podfile.lock\" \"${PODS_ROOT}/Manifest.lock\" > /dev/null\nif [ $? != 0 ] ; then\n    # print error to STDERR\n    echo \"error: The sandbox is not in sync with the Podfile.lock. Run 'pod install' or update your CocoaPods installation.\" >&2\n    exit 1\nfi\n";
			showEnvVarsInLog = 0;
		};
		AE304A6A1D831986001F1D0C /* ShellScript */ = {
			isa = PBXShellScriptBuildPhase;
			buildActionMask = 2147483647;
			files = (
			);
			inputPaths = (
			);
			outputPaths = (
			);
			runOnlyForDeploymentPostprocessing = 0;
			shellPath = /bin/sh;
			shellScript = "\"${SRCROOT}/Pods/Fleet/Fleet/Script/copy_storyboard_info_files.sh\"";
		};
		D38BEA74069E36DB7411FE7F /* [CP] Copy Pods Resources */ = {
			isa = PBXShellScriptBuildPhase;
			buildActionMask = 2147483647;
			files = (
			);
			inputPaths = (
			);
			name = "[CP] Copy Pods Resources";
			outputPaths = (
			);
			runOnlyForDeploymentPostprocessing = 0;
			shellPath = /bin/sh;
			shellScript = "\"${SRCROOT}/Pods/Target Support Files/Pods-BestPractices/Pods-BestPractices-resources.sh\"\n";
			showEnvVarsInLog = 0;
		};
		EDF4146498AE8482D8A809DD /* [CP] Embed Pods Frameworks */ = {
			isa = PBXShellScriptBuildPhase;
			buildActionMask = 2147483647;
			files = (
			);
			inputPaths = (
			);
			name = "[CP] Embed Pods Frameworks";
			outputPaths = (
			);
			runOnlyForDeploymentPostprocessing = 0;
			shellPath = /bin/sh;
			shellScript = "\"${SRCROOT}/Pods/Target Support Files/Pods-BestPractices/Pods-BestPractices-frameworks.sh\"\n";
			showEnvVarsInLog = 0;
		};
/* End PBXShellScriptBuildPhase section */

/* Begin PBXSourcesBuildPhase section */
		AECA4A401D8311EF00EBB222 /* Sources */ = {
			isa = PBXSourcesBuildPhase;
			buildActionMask = 2147483647;
			files = (
				AEAACF221D8B11E2007177CF /* HTTPRequest.swift in Sources */,
				AE1ABA991D9596C600357DA5 /* SongLoader.swift in Sources */,
				AE319F551D9DB9D900A65FB9 /* AudioBox.swift in Sources */,
				AEAACF241D8B1277007177CF /* RequestProvider.swift in Sources */,
				AECA4A481D8311EF00EBB222 /* AppDelegate.swift in Sources */,
				AE1ABA881D9330EA00357DA5 /* SongPersistence.swift in Sources */,
				DE99C6A10D742ACFD3D52FA5 /* HomeViewController.swift in Sources */,
				AEAACF4F1D90B662007177CF /* Player.swift in Sources */,
				AE319F411D9C613D00A65FB9 /* EngineBuilder.swift in Sources */,
				AE1ABA821D9305EF00357DA5 /* SongCache.swift in Sources */,
				DE99C15018384EC0FA4D377B /* SongTableViewCell.swift in Sources */,
				AEC6AE1E1D92EC1300933DCC /* SongListDeserializer.swift in Sources */,
				AE1ABAA91D99CF9C00357DA5 /* main.swift in Sources */,
				AEAACF391D8C4C9C007177CF /* RequestTranslator.swift in Sources */,
				AE1ABA921D947B0D00357DA5 /* DiskMaster.swift in Sources */,
				AE1ABA8C1D94429800357DA5 /* Song.swift in Sources */,
				DE99CC8B9BF5F664B889EB45 /* ListViewController.swift in Sources */,
				AE319F4F1D9D9AED00A65FB9 /* ShiftTranslator.swift in Sources */,
				AEAACF2E1D8B1CC8007177CF /* HTTPClient.swift in Sources */,
				AE1ABAB21D99E26400357DA5 /* ApplicationProvider.swift in Sources */,
				AE1ABA9F1D99A2CE00357DA5 /* ActivityIndicator.swift in Sources */,
				AE304A821D888212001F1D0C /* SongSelectionDelegate.swift in Sources */,
				AE319F471D9D767900A65FB9 /* Audio.swift in Sources */,
				DE99C1B1FCC8BB442521DA28 /* SongService.swift in Sources */,
				DE99C9220822A0E8F854007A /* Dispatcher.swift in Sources */,
			);
			runOnlyForDeploymentPostprocessing = 0;
		};
		AECA4A541D8311EF00EBB222 /* Sources */ = {
			isa = PBXSourcesBuildPhase;
			buildActionMask = 2147483647;
			files = (
				AE319F431D9C628000A65FB9 /* EngineBuilderMock.swift in Sources */,
				AE1ABAA11D99A31500357DA5 /* MockActivityIndicator.swift in Sources */,
				AEAACF261D8B1442007177CF /* HTTPRequestSpec.swift in Sources */,
				AE1ABA861D9330D200357DA5 /* MockSongPersistence.swift in Sources */,
				AEAACF081D8A0B89007177CF /* MockDispatcher.swift in Sources */,
				AEAACF371D8C4C01007177CF /* MockRequestTranslator.swift in Sources */,
				AE319F511D9D9B3A00A65FB9 /* MockShiftTranslator.swift in Sources */,
				AE1ABAB71D99E33F00357DA5 /* MockApplicationProvider.swift in Sources */,
				AEAACF2C1D8B1B08007177CF /* MockHTTPClient.swift in Sources */,
				AE1ABAB51D99E28F00357DA5 /* ApplicationProviderSpec.swift in Sources */,
				DE99C358C42FCD188D5ECBC4 /* ListViewControllerSpec.swift in Sources */,
				AE319F4D1D9D7E9C00A65FB9 /* MockAVAudioUnitDelay.swift in Sources */,
				AEC6AE141D90B83B00933DCC /* PlayerSpec.swift in Sources */,
				AE1ABA9D1D95A0A000357DA5 /* MockSongLoader.swift in Sources */,
				AE319F451D9C65CB00A65FB9 /* EngineBuilderSpec.swift in Sources */,
				AE1ABAA51D99CB6600357DA5 /* AppDelegateSpec.swift in Sources */,
				AE304A7E1D885A03001F1D0C /* SongSpec.swift in Sources */,
				AEAACF131D8B033C007177CF /* MockOperationQueue.swift in Sources */,
				AEAACF421D8C7A9B007177CF /* RequestTranslatorSpec.swift in Sources */,
				AEAACF161D8B0697007177CF /* SongServiceSpec.swift in Sources */,
				DE99C16832E147A8C83CC18E /* HomeViewControllerSpec.swift in Sources */,
				AEAACF0C1D8A10AE007177CF /* MockListViewController.swift in Sources */,
				AE1ABA7E1D93059700357DA5 /* MockSongCache.swift in Sources */,
				AE1ABAA31D99A77A00357DA5 /* ActivityIndicatorSpec.swift in Sources */,
				AE1ABAAD1D99E07B00357DA5 /* MockApplication.swift in Sources */,
				AE1ABA8A1D93394E00357DA5 /* SongPersistenceSpec.swift in Sources */,
				AE1ABA9B1D95976900357DA5 /* SongLoaderSpec.swift in Sources */,
				AE1ABA971D947E2200357DA5 /* DiskMasterSpec.swift in Sources */,
				AEAACF351D8B6373007177CF /* HTTPClientSpec.swift in Sources */,
				AE319F531D9DA17000A65FB9 /* ShiftTranslatorSpec.swift in Sources */,
				AEAACF061D8A0B6B007177CF /* MockSongService.swift in Sources */,
				AEAACF111D8B023F007177CF /* DispatcherSpec.swift in Sources */,
				AEC6AE1B1D92EBC900933DCC /* MockSongListDeserializer.swift in Sources */,
				AEC6AE211D92EE8500933DCC /* SongListDeserializerSpec.swift in Sources */,
				AEAACF301D8B2586007177CF /* RequestProviderSpec.swift in Sources */,
				AE319F591D9DBE5B00A65FB9 /* MockAudioBox.swift in Sources */,
				AEAACF0A1D8A0BA3007177CF /* MockSongSelectionDelegate.swift in Sources */,
				AEAACF1E1D8B1161007177CF /* MockRequestProvider.swift in Sources */,
				AE1ABA901D947ACF00357DA5 /* MockDiskMaster.swift in Sources */,
				AE319F4B1D9D7D6500A65FB9 /* MockAVAudioEngine.swift in Sources */,
				AE319F571D9DBAE600A65FB9 /* AudioBoxSpec.swift in Sources */,
				AEAACF4C1D90B595007177CF /* MockPlayer.swift in Sources */,
				AE1ABA841D9308AA00357DA5 /* SongCacheSpec.swift in Sources */,
				AE319F491D9D7CB700A65FB9 /* MockAVAudioPlayerNode.swift in Sources */,
				AE304A801D885CAD001F1D0C /* SongTableViewCellSpec.swift in Sources */,
			);
			runOnlyForDeploymentPostprocessing = 0;
		};
/* End PBXSourcesBuildPhase section */

/* Begin PBXTargetDependency section */
		AECA4A5A1D8311EF00EBB222 /* PBXTargetDependency */ = {
			isa = PBXTargetDependency;
			target = AECA4A431D8311EF00EBB222 /* BestPractices */;
			targetProxy = AECA4A591D8311EF00EBB222 /* PBXContainerItemProxy */;
		};
/* End PBXTargetDependency section */

/* Begin PBXVariantGroup section */
		DE99C0DAE7295CBE17D7A118 /* LaunchScreen.storyboard */ = {
			isa = PBXVariantGroup;
			children = (
				DE99CE28388A469DF3F78E4B /* Base */,
			);
			name = LaunchScreen.storyboard;
			sourceTree = "<group>";
		};
		DE99CC9A954DB67DE294D516 /* Main.storyboard */ = {
			isa = PBXVariantGroup;
			children = (
				DE99C8ED98E4A323BF3EA4ED /* Base */,
			);
			name = Main.storyboard;
			sourceTree = "<group>";
		};
/* End PBXVariantGroup section */

/* Begin XCBuildConfiguration section */
		AECA4A5F1D8311EF00EBB222 /* Debug */ = {
			isa = XCBuildConfiguration;
			buildSettings = {
				ALWAYS_EMBED_SWIFT_STANDARD_LIBRARIES = YES;
				ALWAYS_SEARCH_USER_PATHS = NO;
				CLANG_ANALYZER_NONNULL = YES;
				CLANG_CXX_LANGUAGE_STANDARD = "gnu++0x";
				CLANG_CXX_LIBRARY = "libc++";
				CLANG_ENABLE_MODULES = YES;
				CLANG_ENABLE_OBJC_ARC = YES;
				CLANG_WARN_BOOL_CONVERSION = YES;
				CLANG_WARN_CONSTANT_CONVERSION = YES;
				CLANG_WARN_DIRECT_OBJC_ISA_USAGE = YES_ERROR;
				CLANG_WARN_EMPTY_BODY = YES;
				CLANG_WARN_ENUM_CONVERSION = YES;
				CLANG_WARN_INFINITE_RECURSION = YES;
				CLANG_WARN_INT_CONVERSION = YES;
				CLANG_WARN_OBJC_ROOT_CLASS = YES_ERROR;
				CLANG_WARN_SUSPICIOUS_MOVE = YES;
				CLANG_WARN_UNREACHABLE_CODE = YES;
				CLANG_WARN__DUPLICATE_METHOD_MATCH = YES;
				CODE_SIGN_IDENTITY = "iPhone Developer: Brian Jennings (SHM8QM64Z6)";
				"CODE_SIGN_IDENTITY[sdk=iphoneos*]" = "iPhone Developer";
				COPY_PHASE_STRIP = NO;
				DEBUG_INFORMATION_FORMAT = dwarf;
				DEFINES_MODULE = YES;
				ENABLE_STRICT_OBJC_MSGSEND = YES;
				ENABLE_TESTABILITY = YES;
				GCC_C_LANGUAGE_STANDARD = gnu99;
				GCC_DYNAMIC_NO_PIC = NO;
				GCC_NO_COMMON_BLOCKS = YES;
				GCC_OPTIMIZATION_LEVEL = 0;
				GCC_PREPROCESSOR_DEFINITIONS = (
					"DEBUG=1",
					"$(inherited)",
				);
				GCC_WARN_64_TO_32_BIT_CONVERSION = YES;
				GCC_WARN_ABOUT_RETURN_TYPE = YES_ERROR;
				GCC_WARN_UNDECLARED_SELECTOR = YES;
				GCC_WARN_UNINITIALIZED_AUTOS = YES_AGGRESSIVE;
				GCC_WARN_UNUSED_FUNCTION = YES;
				GCC_WARN_UNUSED_VARIABLE = YES;
				IPHONEOS_DEPLOYMENT_TARGET = 9.3;
				MTL_ENABLE_DEBUG_INFO = YES;
				ONLY_ACTIVE_ARCH = YES;
				PROVISIONING_PROFILE = "5668e784-def5-4222-bc17-ba76d21bb70e";
				SDKROOT = iphoneos;
				SWIFT_OPTIMIZATION_LEVEL = "-Onone";
				SWIFT_VERSION = 3.0;
			};
			name = Debug;
		};
		AECA4A601D8311EF00EBB222 /* Release */ = {
			isa = XCBuildConfiguration;
			buildSettings = {
				ALWAYS_EMBED_SWIFT_STANDARD_LIBRARIES = YES;
				ALWAYS_SEARCH_USER_PATHS = NO;
				CLANG_ANALYZER_NONNULL = YES;
				CLANG_CXX_LANGUAGE_STANDARD = "gnu++0x";
				CLANG_CXX_LIBRARY = "libc++";
				CLANG_ENABLE_MODULES = YES;
				CLANG_ENABLE_OBJC_ARC = YES;
				CLANG_WARN_BOOL_CONVERSION = YES;
				CLANG_WARN_CONSTANT_CONVERSION = YES;
				CLANG_WARN_DIRECT_OBJC_ISA_USAGE = YES_ERROR;
				CLANG_WARN_EMPTY_BODY = YES;
				CLANG_WARN_ENUM_CONVERSION = YES;
				CLANG_WARN_INFINITE_RECURSION = YES;
				CLANG_WARN_INT_CONVERSION = YES;
				CLANG_WARN_OBJC_ROOT_CLASS = YES_ERROR;
				CLANG_WARN_SUSPICIOUS_MOVE = YES;
				CLANG_WARN_UNREACHABLE_CODE = YES;
				CLANG_WARN__DUPLICATE_METHOD_MATCH = YES;
				"CODE_SIGN_IDENTITY[sdk=iphoneos*]" = "iPhone Developer";
				COPY_PHASE_STRIP = NO;
				DEBUG_INFORMATION_FORMAT = "dwarf-with-dsym";
				DEFINES_MODULE = YES;
				ENABLE_NS_ASSERTIONS = NO;
				ENABLE_STRICT_OBJC_MSGSEND = YES;
				GCC_C_LANGUAGE_STANDARD = gnu99;
				GCC_NO_COMMON_BLOCKS = YES;
				GCC_WARN_64_TO_32_BIT_CONVERSION = YES;
				GCC_WARN_ABOUT_RETURN_TYPE = YES_ERROR;
				GCC_WARN_UNDECLARED_SELECTOR = YES;
				GCC_WARN_UNINITIALIZED_AUTOS = YES_AGGRESSIVE;
				GCC_WARN_UNUSED_FUNCTION = YES;
				GCC_WARN_UNUSED_VARIABLE = YES;
				IPHONEOS_DEPLOYMENT_TARGET = 9.3;
				MTL_ENABLE_DEBUG_INFO = NO;
				PROVISIONING_PROFILE = "5668e784-def5-4222-bc17-ba76d21bb70e";
				SDKROOT = iphoneos;
				SWIFT_OPTIMIZATION_LEVEL = "-Owholemodule";
				SWIFT_VERSION = 3.0;
				VALIDATE_PRODUCT = YES;
			};
			name = Release;
		};
		AECA4A621D8311EF00EBB222 /* Debug */ = {
			isa = XCBuildConfiguration;
			baseConfigurationReference = FB5D658DE51C8BC1AD7FB586 /* Pods-BestPractices.debug.xcconfig */;
			buildSettings = {
				ALWAYS_EMBED_SWIFT_STANDARD_LIBRARIES = "$(inherited)";
				ASSETCATALOG_COMPILER_APPICON_NAME = AppIcon;
				INFOPLIST_FILE = BestPractices/Info.plist;
				LD_RUNPATH_SEARCH_PATHS = "$(inherited) @executable_path/Frameworks";
				PRODUCT_BUNDLE_IDENTIFIER = brianjennings.BestPractices;
				PRODUCT_NAME = "$(TARGET_NAME)";
				SWIFT_VERSION = 3.0;
			};
			name = Debug;
		};
		AECA4A631D8311EF00EBB222 /* Release */ = {
			isa = XCBuildConfiguration;
			baseConfigurationReference = 6A276F38FC1726A8C7E937B7 /* Pods-BestPractices.release.xcconfig */;
			buildSettings = {
				ALWAYS_EMBED_SWIFT_STANDARD_LIBRARIES = "$(inherited)";
				ASSETCATALOG_COMPILER_APPICON_NAME = AppIcon;
				INFOPLIST_FILE = BestPractices/Info.plist;
				LD_RUNPATH_SEARCH_PATHS = "$(inherited) @executable_path/Frameworks";
				PRODUCT_BUNDLE_IDENTIFIER = brianjennings.BestPractices;
				PRODUCT_NAME = "$(TARGET_NAME)";
				SWIFT_VERSION = 3.0;
			};
			name = Release;
		};
		AECA4A651D8311EF00EBB222 /* Debug */ = {
			isa = XCBuildConfiguration;
			baseConfigurationReference = A68A29476DAABD3F71D1B900 /* Pods-BestPracticesTests.debug.xcconfig */;
			buildSettings = {
				ALWAYS_EMBED_SWIFT_STANDARD_LIBRARIES = "$(inherited)";
				BUNDLE_LOADER = "$(TEST_HOST)";
				CLANG_ENABLE_MODULES = YES;
				"CODE_SIGN_IDENTITY[sdk=iphoneos*]" = "iPhone Developer: Brian Jennings (SHM8QM64Z6)";
				INFOPLIST_FILE = BestPracticesTests/Info.plist;
				LD_RUNPATH_SEARCH_PATHS = "$(inherited) @executable_path/Frameworks @loader_path/Frameworks";
				PRODUCT_BUNDLE_IDENTIFIER = brianjennings.BestPracticesTests;
				PRODUCT_NAME = "$(TARGET_NAME)";
				PROVISIONING_PROFILE = "";
				SWIFT_OPTIMIZATION_LEVEL = "-Onone";
				SWIFT_VERSION = 3.0;
				TEST_HOST = "$(BUILT_PRODUCTS_DIR)/BestPractices.app/BestPractices";
			};
			name = Debug;
		};
		AECA4A661D8311EF00EBB222 /* Release */ = {
			isa = XCBuildConfiguration;
			baseConfigurationReference = 0AC07C5D20B35015417D7DA0 /* Pods-BestPracticesTests.release.xcconfig */;
			buildSettings = {
				ALWAYS_EMBED_SWIFT_STANDARD_LIBRARIES = "$(inherited)";
				BUNDLE_LOADER = "$(TEST_HOST)";
				CLANG_ENABLE_MODULES = YES;
				CODE_SIGN_IDENTITY = "iPhone Developer: Brian Jennings (SHM8QM64Z6)";
				INFOPLIST_FILE = BestPracticesTests/Info.plist;
				LD_RUNPATH_SEARCH_PATHS = "$(inherited) @executable_path/Frameworks @loader_path/Frameworks";
				PRODUCT_BUNDLE_IDENTIFIER = brianjennings.BestPracticesTests;
				PRODUCT_NAME = "$(TARGET_NAME)";
				PROVISIONING_PROFILE = "";
				SWIFT_VERSION = 3.0;
				TEST_HOST = "$(BUILT_PRODUCTS_DIR)/BestPractices.app/BestPractices";
			};
			name = Release;
		};
/* End XCBuildConfiguration section */

/* Begin XCConfigurationList section */
		AECA4A3F1D8311EF00EBB222 /* Build configuration list for PBXProject "BestPractices" */ = {
			isa = XCConfigurationList;
			buildConfigurations = (
				AECA4A5F1D8311EF00EBB222 /* Debug */,
				AECA4A601D8311EF00EBB222 /* Release */,
			);
			defaultConfigurationIsVisible = 0;
			defaultConfigurationName = Release;
		};
		AECA4A611D8311EF00EBB222 /* Build configuration list for PBXNativeTarget "BestPractices" */ = {
			isa = XCConfigurationList;
			buildConfigurations = (
				AECA4A621D8311EF00EBB222 /* Debug */,
				AECA4A631D8311EF00EBB222 /* Release */,
			);
			defaultConfigurationIsVisible = 0;
			defaultConfigurationName = Release;
		};
		AECA4A641D8311EF00EBB222 /* Build configuration list for PBXNativeTarget "BestPracticesTests" */ = {
			isa = XCConfigurationList;
			buildConfigurations = (
				AECA4A651D8311EF00EBB222 /* Debug */,
				AECA4A661D8311EF00EBB222 /* Release */,
			);
			defaultConfigurationIsVisible = 0;
			defaultConfigurationName = Release;
		};
/* End XCConfigurationList section */
	};
	rootObject = AECA4A3C1D8311EF00EBB222 /* Project object */;
}
