// !$*UTF8*$!
{
	archiveVersion = 1;
	classes = {
	};
	objectVersion = 46;
	objects = {

/* Begin PBXBuildFile section */
		08F8128CA9ECC2978D2DABFA /* Pods_BestPracticesTests.framework in Frameworks */ = {isa = PBXBuildFile; fileRef = 9EAC0E99A6C92352273C8513 /* Pods_BestPracticesTests.framework */; };
		AECA4A481D8311EF00EBB222 /* AppDelegate.swift in Sources */ = {isa = PBXBuildFile; fileRef = AECA4A471D8311EF00EBB222 /* AppDelegate.swift */; };
		AECA4A4A1D8311EF00EBB222 /* HomeViewController.swift in Sources */ = {isa = PBXBuildFile; fileRef = AECA4A491D8311EF00EBB222 /* HomeViewController.swift */; };
		AECA4A4D1D8311EF00EBB222 /* Main.storyboard in Resources */ = {isa = PBXBuildFile; fileRef = AECA4A4B1D8311EF00EBB222 /* Main.storyboard */; };
		AECA4A4F1D8311EF00EBB222 /* Assets.xcassets in Resources */ = {isa = PBXBuildFile; fileRef = AECA4A4E1D8311EF00EBB222 /* Assets.xcassets */; };
		AECA4A521D8311EF00EBB222 /* LaunchScreen.storyboard in Resources */ = {isa = PBXBuildFile; fileRef = AECA4A501D8311EF00EBB222 /* LaunchScreen.storyboard */; };
		AEE1B39A1D83178C00588483 /* HomeViewControllerSpec.swift in Sources */ = {isa = PBXBuildFile; fileRef = AEE1B3991D83178C00588483 /* HomeViewControllerSpec.swift */; };
		B63E7639F005B244B8EB149B /* Pods_BestPractices.framework in Frameworks */ = {isa = PBXBuildFile; fileRef = A960EF264F74121529805475 /* Pods_BestPractices.framework */; };
/* End PBXBuildFile section */

/* Begin PBXContainerItemProxy section */
		AECA4A591D8311EF00EBB222 /* PBXContainerItemProxy */ = {
			isa = PBXContainerItemProxy;
			containerPortal = AECA4A3C1D8311EF00EBB222 /* Project object */;
			proxyType = 1;
			remoteGlobalIDString = AECA4A431D8311EF00EBB222;
			remoteInfo = BestPractices;
		};
/* End PBXContainerItemProxy section */

/* Begin PBXFileReference section */
		0AC07C5D20B35015417D7DA0 /* Pods-BestPracticesTests.release.xcconfig */ = {isa = PBXFileReference; includeInIndex = 1; lastKnownFileType = text.xcconfig; name = "Pods-BestPracticesTests.release.xcconfig"; path = "Pods/Target Support Files/Pods-BestPracticesTests/Pods-BestPracticesTests.release.xcconfig"; sourceTree = "<group>"; };
		6A276F38FC1726A8C7E937B7 /* Pods-BestPractices.release.xcconfig */ = {isa = PBXFileReference; includeInIndex = 1; lastKnownFileType = text.xcconfig; name = "Pods-BestPractices.release.xcconfig"; path = "Pods/Target Support Files/Pods-BestPractices/Pods-BestPractices.release.xcconfig"; sourceTree = "<group>"; };
		9EAC0E99A6C92352273C8513 /* Pods_BestPracticesTests.framework */ = {isa = PBXFileReference; explicitFileType = wrapper.framework; includeInIndex = 0; path = Pods_BestPracticesTests.framework; sourceTree = BUILT_PRODUCTS_DIR; };
		A68A29476DAABD3F71D1B900 /* Pods-BestPracticesTests.debug.xcconfig */ = {isa = PBXFileReference; includeInIndex = 1; lastKnownFileType = text.xcconfig; name = "Pods-BestPracticesTests.debug.xcconfig"; path = "Pods/Target Support Files/Pods-BestPracticesTests/Pods-BestPracticesTests.debug.xcconfig"; sourceTree = "<group>"; };
		A960EF264F74121529805475 /* Pods_BestPractices.framework */ = {isa = PBXFileReference; explicitFileType = wrapper.framework; includeInIndex = 0; path = Pods_BestPractices.framework; sourceTree = BUILT_PRODUCTS_DIR; };
		AECA4A441D8311EF00EBB222 /* BestPractices.app */ = {isa = PBXFileReference; explicitFileType = wrapper.application; includeInIndex = 0; path = BestPractices.app; sourceTree = BUILT_PRODUCTS_DIR; };
		AECA4A471D8311EF00EBB222 /* AppDelegate.swift */ = {isa = PBXFileReference; lastKnownFileType = sourcecode.swift; path = AppDelegate.swift; sourceTree = "<group>"; };
		AECA4A491D8311EF00EBB222 /* HomeViewController.swift */ = {isa = PBXFileReference; lastKnownFileType = sourcecode.swift; path = HomeViewController.swift; sourceTree = "<group>"; };
		AECA4A4C1D8311EF00EBB222 /* Base */ = {isa = PBXFileReference; lastKnownFileType = file.storyboard; name = Base; path = Base.lproj/Main.storyboard; sourceTree = "<group>"; };
		AECA4A4E1D8311EF00EBB222 /* Assets.xcassets */ = {isa = PBXFileReference; lastKnownFileType = folder.assetcatalog; path = Assets.xcassets; sourceTree = "<group>"; };
		AECA4A511D8311EF00EBB222 /* Base */ = {isa = PBXFileReference; lastKnownFileType = file.storyboard; name = Base; path = Base.lproj/LaunchScreen.storyboard; sourceTree = "<group>"; };
		AECA4A531D8311EF00EBB222 /* Info.plist */ = {isa = PBXFileReference; lastKnownFileType = text.plist.xml; path = Info.plist; sourceTree = "<group>"; };
		AECA4A581D8311EF00EBB222 /* BestPracticesTests.xctest */ = {isa = PBXFileReference; explicitFileType = wrapper.cfbundle; includeInIndex = 0; path = BestPracticesTests.xctest; sourceTree = BUILT_PRODUCTS_DIR; };
		AECA4A5E1D8311EF00EBB222 /* Info.plist */ = {isa = PBXFileReference; lastKnownFileType = text.plist.xml; path = Info.plist; sourceTree = "<group>"; };
		AEE1B3991D83178C00588483 /* HomeViewControllerSpec.swift */ = {isa = PBXFileReference; fileEncoding = 4; lastKnownFileType = sourcecode.swift; path = HomeViewControllerSpec.swift; sourceTree = "<group>"; };
		FB5D658DE51C8BC1AD7FB586 /* Pods-BestPractices.debug.xcconfig */ = {isa = PBXFileReference; includeInIndex = 1; lastKnownFileType = text.xcconfig; name = "Pods-BestPractices.debug.xcconfig"; path = "Pods/Target Support Files/Pods-BestPractices/Pods-BestPractices.debug.xcconfig"; sourceTree = "<group>"; };
/* End PBXFileReference section */

/* Begin PBXFrameworksBuildPhase section */
		AECA4A411D8311EF00EBB222 /* Frameworks */ = {
			isa = PBXFrameworksBuildPhase;
			buildActionMask = 2147483647;
			files = (
				B63E7639F005B244B8EB149B /* Pods_BestPractices.framework in Frameworks */,
			);
			runOnlyForDeploymentPostprocessing = 0;
		};
		AECA4A551D8311EF00EBB222 /* Frameworks */ = {
			isa = PBXFrameworksBuildPhase;
			buildActionMask = 2147483647;
			files = (
				08F8128CA9ECC2978D2DABFA /* Pods_BestPracticesTests.framework in Frameworks */,
			);
			runOnlyForDeploymentPostprocessing = 0;
		};
/* End PBXFrameworksBuildPhase section */

/* Begin PBXGroup section */
		09F368F64D307807BD0F14A9 /* Frameworks */ = {
			isa = PBXGroup;
			children = (
				A960EF264F74121529805475 /* Pods_BestPractices.framework */,
				9EAC0E99A6C92352273C8513 /* Pods_BestPracticesTests.framework */,
			);
			name = Frameworks;
			sourceTree = "<group>";
		};
		AECA4A3B1D8311EF00EBB222 = {
			isa = PBXGroup;
			children = (
				AECA4A461D8311EF00EBB222 /* BestPractices */,
				AECA4A5B1D8311EF00EBB222 /* BestPracticesTests */,
				AECA4A451D8311EF00EBB222 /* Products */,
				D0205E958FE7369AF3A79338 /* Pods */,
				09F368F64D307807BD0F14A9 /* Frameworks */,
			);
			sourceTree = "<group>";
		};
		AECA4A451D8311EF00EBB222 /* Products */ = {
			isa = PBXGroup;
			children = (
				AECA4A441D8311EF00EBB222 /* BestPractices.app */,
				AECA4A581D8311EF00EBB222 /* BestPracticesTests.xctest */,
			);
			name = Products;
			sourceTree = "<group>";
		};
		AECA4A461D8311EF00EBB222 /* BestPractices */ = {
			isa = PBXGroup;
			children = (
				AECA4A471D8311EF00EBB222 /* AppDelegate.swift */,
				AECA4A491D8311EF00EBB222 /* HomeViewController.swift */,
				AECA4A4B1D8311EF00EBB222 /* Main.storyboard */,
				AECA4A4E1D8311EF00EBB222 /* Assets.xcassets */,
				AECA4A501D8311EF00EBB222 /* LaunchScreen.storyboard */,
				AECA4A531D8311EF00EBB222 /* Info.plist */,
			);
			path = BestPractices;
			sourceTree = "<group>";
		};
		AECA4A5B1D8311EF00EBB222 /* BestPracticesTests */ = {
			isa = PBXGroup;
			children = (
				AECA4A5E1D8311EF00EBB222 /* Info.plist */,
				AEE1B3991D83178C00588483 /* HomeViewControllerSpec.swift */,
			);
			path = BestPracticesTests;
			sourceTree = "<group>";
		};
		D0205E958FE7369AF3A79338 /* Pods */ = {
			isa = PBXGroup;
			children = (
				FB5D658DE51C8BC1AD7FB586 /* Pods-BestPractices.debug.xcconfig */,
				6A276F38FC1726A8C7E937B7 /* Pods-BestPractices.release.xcconfig */,
				A68A29476DAABD3F71D1B900 /* Pods-BestPracticesTests.debug.xcconfig */,
				0AC07C5D20B35015417D7DA0 /* Pods-BestPracticesTests.release.xcconfig */,
			);
			name = Pods;
			sourceTree = "<group>";
		};
/* End PBXGroup section */

/* Begin PBXNativeTarget section */
		AECA4A431D8311EF00EBB222 /* BestPractices */ = {
			isa = PBXNativeTarget;
			buildConfigurationList = AECA4A611D8311EF00EBB222 /* Build configuration list for PBXNativeTarget "BestPractices" */;
			buildPhases = (
				3FA447BC1433CE83A247A398 /* [CP] Check Pods Manifest.lock */,
				AECA4A401D8311EF00EBB222 /* Sources */,
				AECA4A411D8311EF00EBB222 /* Frameworks */,
				AECA4A421D8311EF00EBB222 /* Resources */,
				A61823E9E83B6E9130ED0E31 /* [CP] Embed Pods Frameworks */,
				FB4A78688743DAC082D2D138 /* [CP] Copy Pods Resources */,
			);
			buildRules = (
			);
			dependencies = (
			);
			name = BestPractices;
			productName = BestPractices;
			productReference = AECA4A441D8311EF00EBB222 /* BestPractices.app */;
			productType = "com.apple.product-type.application";
		};
		AECA4A571D8311EF00EBB222 /* BestPracticesTests */ = {
			isa = PBXNativeTarget;
			buildConfigurationList = AECA4A641D8311EF00EBB222 /* Build configuration list for PBXNativeTarget "BestPracticesTests" */;
			buildPhases = (
				19A4DE8F43F2C180802DAAB2 /* [CP] Check Pods Manifest.lock */,
				AECA4A541D8311EF00EBB222 /* Sources */,
				AECA4A551D8311EF00EBB222 /* Frameworks */,
				AECA4A561D8311EF00EBB222 /* Resources */,
				01BF72E8CC0485E1855E067A /* [CP] Embed Pods Frameworks */,
				E05CCAC24AC14C1F62EB90AE /* [CP] Copy Pods Resources */,
				AE304A6A1D831986001F1D0C /* ShellScript */,
			);
			buildRules = (
			);
			dependencies = (
				AECA4A5A1D8311EF00EBB222 /* PBXTargetDependency */,
			);
			name = BestPracticesTests;
			productName = BestPracticesTests;
			productReference = AECA4A581D8311EF00EBB222 /* BestPracticesTests.xctest */;
			productType = "com.apple.product-type.bundle.unit-test";
		};
/* End PBXNativeTarget section */

/* Begin PBXProject section */
		AECA4A3C1D8311EF00EBB222 /* Project object */ = {
			isa = PBXProject;
			attributes = {
				LastSwiftUpdateCheck = 0730;
				LastUpgradeCheck = 0730;
				ORGANIZATIONNAME = "Brian Jennings";
				TargetAttributes = {
					AECA4A431D8311EF00EBB222 = {
						CreatedOnToolsVersion = 7.3.1;
					};
					AECA4A571D8311EF00EBB222 = {
						CreatedOnToolsVersion = 7.3.1;
						TestTargetID = AECA4A431D8311EF00EBB222;
					};
				};
			};
			buildConfigurationList = AECA4A3F1D8311EF00EBB222 /* Build configuration list for PBXProject "BestPractices" */;
			compatibilityVersion = "Xcode 3.2";
			developmentRegion = English;
			hasScannedForEncodings = 0;
			knownRegions = (
				en,
				Base,
			);
			mainGroup = AECA4A3B1D8311EF00EBB222;
			productRefGroup = AECA4A451D8311EF00EBB222 /* Products */;
			projectDirPath = "";
			projectRoot = "";
			targets = (
				AECA4A431D8311EF00EBB222 /* BestPractices */,
				AECA4A571D8311EF00EBB222 /* BestPracticesTests */,
			);
		};
/* End PBXProject section */

/* Begin PBXResourcesBuildPhase section */
		AECA4A421D8311EF00EBB222 /* Resources */ = {
			isa = PBXResourcesBuildPhase;
			buildActionMask = 2147483647;
			files = (
				AECA4A521D8311EF00EBB222 /* LaunchScreen.storyboard in Resources */,
				AECA4A4F1D8311EF00EBB222 /* Assets.xcassets in Resources */,
				AECA4A4D1D8311EF00EBB222 /* Main.storyboard in Resources */,
			);
			runOnlyForDeploymentPostprocessing = 0;
		};
		AECA4A561D8311EF00EBB222 /* Resources */ = {
			isa = PBXResourcesBuildPhase;
			buildActionMask = 2147483647;
			files = (
			);
			runOnlyForDeploymentPostprocessing = 0;
		};
/* End PBXResourcesBuildPhase section */

/* Begin PBXShellScriptBuildPhase section */
		01BF72E8CC0485E1855E067A /* [CP] Embed Pods Frameworks */ = {
			isa = PBXShellScriptBuildPhase;
			buildActionMask = 2147483647;
			files = (
			);
			inputPaths = (
			);
			name = "[CP] Embed Pods Frameworks";
			outputPaths = (
			);
			runOnlyForDeploymentPostprocessing = 0;
			shellPath = /bin/sh;
			shellScript = "\"${SRCROOT}/Pods/Target Support Files/Pods-BestPracticesTests/Pods-BestPracticesTests-frameworks.sh\"\n";
			showEnvVarsInLog = 0;
		};
		19A4DE8F43F2C180802DAAB2 /* [CP] Check Pods Manifest.lock */ = {
			isa = PBXShellScriptBuildPhase;
			buildActionMask = 2147483647;
			files = (
			);
			inputPaths = (
			);
			name = "[CP] Check Pods Manifest.lock";
			outputPaths = (
			);
			runOnlyForDeploymentPostprocessing = 0;
			shellPath = /bin/sh;
			shellScript = "diff \"${PODS_ROOT}/../Podfile.lock\" \"${PODS_ROOT}/Manifest.lock\" > /dev/null\nif [[ $? != 0 ]] ; then\n    cat << EOM\nerror: The sandbox is not in sync with the Podfile.lock. Run 'pod install' or update your CocoaPods installation.\nEOM\n    exit 1\nfi\n";
			showEnvVarsInLog = 0;
		};
		3FA447BC1433CE83A247A398 /* [CP] Check Pods Manifest.lock */ = {
			isa = PBXShellScriptBuildPhase;
			buildActionMask = 2147483647;
			files = (
			);
			inputPaths = (
			);
			name = "[CP] Check Pods Manifest.lock";
			outputPaths = (
			);
			runOnlyForDeploymentPostprocessing = 0;
			shellPath = /bin/sh;
			shellScript = "diff \"${PODS_ROOT}/../Podfile.lock\" \"${PODS_ROOT}/Manifest.lock\" > /dev/null\nif [[ $? != 0 ]] ; then\n    cat << EOM\nerror: The sandbox is not in sync with the Podfile.lock. Run 'pod install' or update your CocoaPods installation.\nEOM\n    exit 1\nfi\n";
			showEnvVarsInLog = 0;
		};
		A61823E9E83B6E9130ED0E31 /* [CP] Embed Pods Frameworks */ = {
			isa = PBXShellScriptBuildPhase;
			buildActionMask = 2147483647;
			files = (
			);
			inputPaths = (
			);
			name = "[CP] Embed Pods Frameworks";
			outputPaths = (
			);
			runOnlyForDeploymentPostprocessing = 0;
			shellPath = /bin/sh;
			shellScript = "\"${SRCROOT}/Pods/Target Support Files/Pods-BestPractices/Pods-BestPractices-frameworks.sh\"\n";
			showEnvVarsInLog = 0;
		};
		AE304A6A1D831986001F1D0C /* ShellScript */ = {
			isa = PBXShellScriptBuildPhase;
			buildActionMask = 2147483647;
			files = (
			);
			inputPaths = (
			);
			outputPaths = (
			);
			runOnlyForDeploymentPostprocessing = 0;
			shellPath = /bin/sh;
			shellScript = "\"${SRCROOT}/Pods/Fleet/Fleet/Script/copy_storyboard_info_files.sh\"";
		};
		E05CCAC24AC14C1F62EB90AE /* [CP] Copy Pods Resources */ = {
			isa = PBXShellScriptBuildPhase;
			buildActionMask = 2147483647;
			files = (
			);
			inputPaths = (
			);
			name = "[CP] Copy Pods Resources";
			outputPaths = (
			);
			runOnlyForDeploymentPostprocessing = 0;
			shellPath = /bin/sh;
			shellScript = "\"${SRCROOT}/Pods/Target Support Files/Pods-BestPracticesTests/Pods-BestPracticesTests-resources.sh\"\n";
			showEnvVarsInLog = 0;
		};
		FB4A78688743DAC082D2D138 /* [CP] Copy Pods Resources */ = {
			isa = PBXShellScriptBuildPhase;
			buildActionMask = 2147483647;
			files = (
			);
			inputPaths = (
			);
			name = "[CP] Copy Pods Resources";
			outputPaths = (
			);
			runOnlyForDeploymentPostprocessing = 0;
			shellPath = /bin/sh;
			shellScript = "\"${SRCROOT}/Pods/Target Support Files/Pods-BestPractices/Pods-BestPractices-resources.sh\"\n";
			showEnvVarsInLog = 0;
		};
/* End PBXShellScriptBuildPhase section */

/* Begin PBXSourcesBuildPhase section */
		AECA4A401D8311EF00EBB222 /* Sources */ = {
			isa = PBXSourcesBuildPhase;
			buildActionMask = 2147483647;
			files = (
				AECA4A4A1D8311EF00EBB222 /* HomeViewController.swift in Sources */,
				AECA4A481D8311EF00EBB222 /* AppDelegate.swift in Sources */,
			);
			runOnlyForDeploymentPostprocessing = 0;
		};
		AECA4A541D8311EF00EBB222 /* Sources */ = {
			isa = PBXSourcesBuildPhase;
			buildActionMask = 2147483647;
			files = (
				AEE1B39A1D83178C00588483 /* HomeViewControllerSpec.swift in Sources */,
			);
			runOnlyForDeploymentPostprocessing = 0;
		};
/* End PBXSourcesBuildPhase section */

/* Begin PBXTargetDependency section */
		AECA4A5A1D8311EF00EBB222 /* PBXTargetDependency */ = {
			isa = PBXTargetDependency;
			target = AECA4A431D8311EF00EBB222 /* BestPractices */;
			targetProxy = AECA4A591D8311EF00EBB222 /* PBXContainerItemProxy */;
		};
/* End PBXTargetDependency section */

/* Begin PBXVariantGroup section */
		AECA4A4B1D8311EF00EBB222 /* Main.storyboard */ = {
			isa = PBXVariantGroup;
			children = (
				AECA4A4C1D8311EF00EBB222 /* Base */,
			);
			name = Main.storyboard;
			sourceTree = "<group>";
		};
		AECA4A501D8311EF00EBB222 /* LaunchScreen.storyboard */ = {
			isa = PBXVariantGroup;
			children = (
				AECA4A511D8311EF00EBB222 /* Base */,
			);
			name = LaunchScreen.storyboard;
			sourceTree = "<group>";
		};
/* End PBXVariantGroup section */

/* Begin XCBuildConfiguration section */
		AECA4A5F1D8311EF00EBB222 /* Debug */ = {
			isa = XCBuildConfiguration;
			buildSettings = {
				ALWAYS_SEARCH_USER_PATHS = NO;
				CLANG_ANALYZER_NONNULL = YES;
				CLANG_CXX_LANGUAGE_STANDARD = "gnu++0x";
				CLANG_CXX_LIBRARY = "libc++";
				CLANG_ENABLE_MODULES = YES;
				CLANG_ENABLE_OBJC_ARC = YES;
				CLANG_WARN_BOOL_CONVERSION = YES;
				CLANG_WARN_CONSTANT_CONVERSION = YES;
				CLANG_WARN_DIRECT_OBJC_ISA_USAGE = YES_ERROR;
				CLANG_WARN_EMPTY_BODY = YES;
				CLANG_WARN_ENUM_CONVERSION = YES;
				CLANG_WARN_INT_CONVERSION = YES;
				CLANG_WARN_OBJC_ROOT_CLASS = YES_ERROR;
				CLANG_WARN_UNREACHABLE_CODE = YES;
				CLANG_WARN__DUPLICATE_METHOD_MATCH = YES;
				"CODE_SIGN_IDENTITY[sdk=iphoneos*]" = "iPhone Developer";
				COPY_PHASE_STRIP = NO;
				DEBUG_INFORMATION_FORMAT = dwarf;
				DEFINES_MODULE = YES;
				ENABLE_STRICT_OBJC_MSGSEND = YES;
				ENABLE_TESTABILITY = YES;
				GCC_C_LANGUAGE_STANDARD = gnu99;
				GCC_DYNAMIC_NO_PIC = NO;
				GCC_NO_COMMON_BLOCKS = YES;
				GCC_OPTIMIZATION_LEVEL = 0;
				GCC_PREPROCESSOR_DEFINITIONS = (
					"DEBUG=1",
					"$(inherited)",
				);
				GCC_WARN_64_TO_32_BIT_CONVERSION = YES;
				GCC_WARN_ABOUT_RETURN_TYPE = YES_ERROR;
				GCC_WARN_UNDECLARED_SELECTOR = YES;
				GCC_WARN_UNINITIALIZED_AUTOS = YES_AGGRESSIVE;
				GCC_WARN_UNUSED_FUNCTION = YES;
				GCC_WARN_UNUSED_VARIABLE = YES;
				IPHONEOS_DEPLOYMENT_TARGET = 9.3;
				MTL_ENABLE_DEBUG_INFO = YES;
				ONLY_ACTIVE_ARCH = YES;
				SDKROOT = iphoneos;
				SWIFT_OPTIMIZATION_LEVEL = "-Onone";
			};
			name = Debug;
		};
		AECA4A601D8311EF00EBB222 /* Release */ = {
			isa = XCBuildConfiguration;
			buildSettings = {
				ALWAYS_SEARCH_USER_PATHS = NO;
				CLANG_ANALYZER_NONNULL = YES;
				CLANG_CXX_LANGUAGE_STANDARD = "gnu++0x";
				CLANG_CXX_LIBRARY = "libc++";
				CLANG_ENABLE_MODULES = YES;
				CLANG_ENABLE_OBJC_ARC = YES;
				CLANG_WARN_BOOL_CONVERSION = YES;
				CLANG_WARN_CONSTANT_CONVERSION = YES;
				CLANG_WARN_DIRECT_OBJC_ISA_USAGE = YES_ERROR;
				CLANG_WARN_EMPTY_BODY = YES;
				CLANG_WARN_ENUM_CONVERSION = YES;
				CLANG_WARN_INT_CONVERSION = YES;
				CLANG_WARN_OBJC_ROOT_CLASS = YES_ERROR;
				CLANG_WARN_UNREACHABLE_CODE = YES;
				CLANG_WARN__DUPLICATE_METHOD_MATCH = YES;
				"CODE_SIGN_IDENTITY[sdk=iphoneos*]" = "iPhone Developer";
				COPY_PHASE_STRIP = NO;
				DEBUG_INFORMATION_FORMAT = "dwarf-with-dsym";
				DEFINES_MODULE = YES;
				ENABLE_NS_ASSERTIONS = NO;
				ENABLE_STRICT_OBJC_MSGSEND = YES;
				GCC_C_LANGUAGE_STANDARD = gnu99;
				GCC_NO_COMMON_BLOCKS = YES;
				GCC_WARN_64_TO_32_BIT_CONVERSION = YES;
				GCC_WARN_ABOUT_RETURN_TYPE = YES_ERROR;
				GCC_WARN_UNDECLARED_SELECTOR = YES;
				GCC_WARN_UNINITIALIZED_AUTOS = YES_AGGRESSIVE;
				GCC_WARN_UNUSED_FUNCTION = YES;
				GCC_WARN_UNUSED_VARIABLE = YES;
				IPHONEOS_DEPLOYMENT_TARGET = 9.3;
				MTL_ENABLE_DEBUG_INFO = NO;
				SDKROOT = iphoneos;
				VALIDATE_PRODUCT = YES;
			};
			name = Release;
		};
		AECA4A621D8311EF00EBB222 /* Debug */ = {
			isa = XCBuildConfiguration;
			baseConfigurationReference = FB5D658DE51C8BC1AD7FB586 /* Pods-BestPractices.debug.xcconfig */;
			buildSettings = {
				ASSETCATALOG_COMPILER_APPICON_NAME = AppIcon;
				INFOPLIST_FILE = BestPractices/Info.plist;
				LD_RUNPATH_SEARCH_PATHS = "$(inherited) @executable_path/Frameworks";
				PRODUCT_BUNDLE_IDENTIFIER = brianjennings.BestPractices;
				PRODUCT_NAME = "$(TARGET_NAME)";
			};
			name = Debug;
		};
		AECA4A631D8311EF00EBB222 /* Release */ = {
			isa = XCBuildConfiguration;
			baseConfigurationReference = 6A276F38FC1726A8C7E937B7 /* Pods-BestPractices.release.xcconfig */;
			buildSettings = {
				ASSETCATALOG_COMPILER_APPICON_NAME = AppIcon;
				INFOPLIST_FILE = BestPractices/Info.plist;
				LD_RUNPATH_SEARCH_PATHS = "$(inherited) @executable_path/Frameworks";
				PRODUCT_BUNDLE_IDENTIFIER = brianjennings.BestPractices;
				PRODUCT_NAME = "$(TARGET_NAME)";
			};
			name = Release;
		};
		AECA4A651D8311EF00EBB222 /* Debug */ = {
			isa = XCBuildConfiguration;
			baseConfigurationReference = A68A29476DAABD3F71D1B900 /* Pods-BestPracticesTests.debug.xcconfig */;
			buildSettings = {
				BUNDLE_LOADER = "$(TEST_HOST)";
				CLANG_ENABLE_MODULES = YES;
				INFOPLIST_FILE = BestPracticesTests/Info.plist;
				LD_RUNPATH_SEARCH_PATHS = "$(inherited) @executable_path/Frameworks @loader_path/Frameworks";
				PRODUCT_BUNDLE_IDENTIFIER = brianjennings.BestPracticesTests;
				PRODUCT_NAME = "$(TARGET_NAME)";
				SWIFT_OPTIMIZATION_LEVEL = "-Onone";
				TEST_HOST = "$(BUILT_PRODUCTS_DIR)/BestPractices.app/BestPractices";
			};
			name = Debug;
		};
		AECA4A661D8311EF00EBB222 /* Release */ = {
			isa = XCBuildConfiguration;
			baseConfigurationReference = 0AC07C5D20B35015417D7DA0 /* Pods-BestPracticesTests.release.xcconfig */;
			buildSettings = {
				BUNDLE_LOADER = "$(TEST_HOST)";
				CLANG_ENABLE_MODULES = YES;
				INFOPLIST_FILE = BestPracticesTests/Info.plist;
				LD_RUNPATH_SEARCH_PATHS = "$(inherited) @executable_path/Frameworks @loader_path/Frameworks";
				PRODUCT_BUNDLE_IDENTIFIER = brianjennings.BestPracticesTests;
				PRODUCT_NAME = "$(TARGET_NAME)";
				TEST_HOST = "$(BUILT_PRODUCTS_DIR)/BestPractices.app/BestPractices";
			};
			name = Release;
		};
/* End XCBuildConfiguration section */

/* Begin XCConfigurationList section */
		AECA4A3F1D8311EF00EBB222 /* Build configuration list for PBXProject "BestPractices" */ = {
			isa = XCConfigurationList;
			buildConfigurations = (
				AECA4A5F1D8311EF00EBB222 /* Debug */,
				AECA4A601D8311EF00EBB222 /* Release */,
			);
			defaultConfigurationIsVisible = 0;
			defaultConfigurationName = Release;
		};
		AECA4A611D8311EF00EBB222 /* Build configuration list for PBXNativeTarget "BestPractices" */ = {
			isa = XCConfigurationList;
			buildConfigurations = (
				AECA4A621D8311EF00EBB222 /* Debug */,
				AECA4A631D8311EF00EBB222 /* Release */,
			);
			defaultConfigurationIsVisible = 0;
			defaultConfigurationName = Release;
		};
		AECA4A641D8311EF00EBB222 /* Build configuration list for PBXNativeTarget "BestPracticesTests" */ = {
			isa = XCConfigurationList;
			buildConfigurations = (
				AECA4A651D8311EF00EBB222 /* Debug */,
				AECA4A661D8311EF00EBB222 /* Release */,
			);
			defaultConfigurationIsVisible = 0;
			defaultConfigurationName = Release;
		};
/* End XCConfigurationList section */
	};
	rootObject = AECA4A3C1D8311EF00EBB222 /* Project object */;
}
